# THIS IS AN AUTOGENERATED FILE. DO NOT EDIT THIS FILE DIRECTLY.
# yarn lockfile v1


"@algolia/cache-browser-local-storage@4.17.2":
  version "4.17.2"
  resolved "https://registry.yarnpkg.com/@algolia/cache-browser-local-storage/-/cache-browser-local-storage-4.17.2.tgz#b83c52789284252858de20b532861d6fb0f128ab"
  integrity sha512-ZkVN7K/JE+qMQbpR6h3gQOGR6yCJpmucSBCmH5YDxnrYbp2CbrVCu0Nr+FGVoWzMJNznj1waShkfQ9awERulLw==
  dependencies:
    "@algolia/cache-common" "4.17.2"

"@algolia/cache-common@4.17.2":
  version "4.17.2"
  resolved "https://registry.yarnpkg.com/@algolia/cache-common/-/cache-common-4.17.2.tgz#025169005e52b2e1e929871d1f5cdd42a7f80e53"
  integrity sha512-fojbhYIS8ovfYs6hwZpy1O4mBfVRxNgAaZRqsdVQd54hU4MxYDYFCxagYX28lOBz7btcDHld6BMoWXvjzkx6iQ==

"@algolia/cache-in-memory@4.17.2":
  version "4.17.2"
  resolved "https://registry.yarnpkg.com/@algolia/cache-in-memory/-/cache-in-memory-4.17.2.tgz#3bb22e0be9073b88d1598c255a87ff7fc494ab1b"
  integrity sha512-UYQcMzPurNi+cPYkuPemTZkjKAjdgAS1hagC5irujKbrYnN4yscK4TkOI5tX+O8/KegtJt3kOK07OIrJ2QDAAw==
  dependencies:
    "@algolia/cache-common" "4.17.2"

"@algolia/client-account@4.17.2":
  version "4.17.2"
  resolved "https://registry.yarnpkg.com/@algolia/client-account/-/client-account-4.17.2.tgz#7e0a824f7c3cbb03b5dc3261ddeed330d7d9be4a"
  integrity sha512-doSk89pBPDpDyKJSHFADIGa2XSGrBCj3QwPvqtRJXDADpN+OjW+eTR8r4hEs/7X4GGfjfAOAES8JgDx+fZntYw==
  dependencies:
    "@algolia/client-common" "4.17.2"
    "@algolia/client-search" "4.17.2"
    "@algolia/transporter" "4.17.2"

"@algolia/client-analytics@4.17.2":
  version "4.17.2"
  resolved "https://registry.yarnpkg.com/@algolia/client-analytics/-/client-analytics-4.17.2.tgz#fedb972d0a230dc2b0c0c1d09f1a3bcd6ea75f91"
  integrity sha512-V+DcXbOtD/hKwAR3qGQrtlrJ3q2f9OKfx843q744o4m3xHv5ueCAvGXB1znPsdaUrVDNAImcgEgqwI9x7EJbDw==
  dependencies:
    "@algolia/client-common" "4.17.2"
    "@algolia/client-search" "4.17.2"
    "@algolia/requester-common" "4.17.2"
    "@algolia/transporter" "4.17.2"

"@algolia/client-common@4.17.2":
  version "4.17.2"
  resolved "https://registry.yarnpkg.com/@algolia/client-common/-/client-common-4.17.2.tgz#411768089df75723d5342c45d97e73e068a5749d"
  integrity sha512-gKBUnjxi0ukJYIJxVREYGt1Dmj1B3RBYbfGWi0dIPp1BC1VvQm+BOuNwsIwmq/x3MPO+sGuK978eKiP3tZDvag==
  dependencies:
    "@algolia/requester-common" "4.17.2"
    "@algolia/transporter" "4.17.2"

"@algolia/client-personalization@4.17.2":
  version "4.17.2"
  resolved "https://registry.yarnpkg.com/@algolia/client-personalization/-/client-personalization-4.17.2.tgz#83e407e57a54a597243196343e97ddcda09bfe26"
  integrity sha512-wc4UgOWxSYWz5wpuelNmlt895jA9twjZWM2ms17Ws8qCvBHF7OVGdMGgbysPB8790YnfvvDnSsWOv3CEj26Eow==
  dependencies:
    "@algolia/client-common" "4.17.2"
    "@algolia/requester-common" "4.17.2"
    "@algolia/transporter" "4.17.2"

"@algolia/client-search@4.17.2":
  version "4.17.2"
  resolved "https://registry.yarnpkg.com/@algolia/client-search/-/client-search-4.17.2.tgz#beaef04daf8e04f171f61500ea5083a2c628161f"
  integrity sha512-FUjIs+gRe0upJC++uVs4sdxMw15JxfkT86Gr/kqVwi9kcqaZhXntSbW/Fw959bIYXczjmeVQsilYvBWW4YvSZA==
  dependencies:
    "@algolia/client-common" "4.17.2"
    "@algolia/requester-common" "4.17.2"
    "@algolia/transporter" "4.17.2"

"@algolia/logger-common@4.17.2":
  version "4.17.2"
  resolved "https://registry.yarnpkg.com/@algolia/logger-common/-/logger-common-4.17.2.tgz#d41a902701e74b7a945448a507ffae3f7ab805dd"
  integrity sha512-EfXuweUE+1HiSMsQidaDWA5Lv4NnStYIlh7PO5pLkI+sdhbMX0e5AO5nUAMIFM1VkEANes70RA8fzhP6OqCqQQ==

"@algolia/logger-console@4.17.2":
  version "4.17.2"
  resolved "https://registry.yarnpkg.com/@algolia/logger-console/-/logger-console-4.17.2.tgz#d6a71d2bf9717e15869c012ef4439e7b6f623f7e"
  integrity sha512-JuG8HGVlJ+l/UEDK4h2Y8q/IEmRjQz1J0aS9tf6GPNbGYiSvMr1DDdZ+hqV3bb1XE6wU8Ypex56HisWMSpnG0A==
  dependencies:
    "@algolia/logger-common" "4.17.2"

"@algolia/requester-browser-xhr@4.17.2":
  version "4.17.2"
  resolved "https://registry.yarnpkg.com/@algolia/requester-browser-xhr/-/requester-browser-xhr-4.17.2.tgz#7153dc2d0a4924d7b214a5f078a2a2c05398ea5d"
  integrity sha512-FKI2lYWwksALfRt2OETFmGb5+P7WVc4py2Ai3H7k8FSfTLwVvs9WVVmtlx6oANQ8RFEK4B85h8DQJTJ29TDfmA==
  dependencies:
    "@algolia/requester-common" "4.17.2"

"@algolia/requester-common@4.17.2":
  version "4.17.2"
  resolved "https://registry.yarnpkg.com/@algolia/requester-common/-/requester-common-4.17.2.tgz#8f390808fcc38e4e734e336a6b56e30eb2a5f5bf"
  integrity sha512-Rfim23ztAhYpE9qm+KCfCRo+YLJCjiiTG+IpDdzUjMpYPhUtirQT0A35YEd/gKn86YNyydxS9w8iRSjwKh+L0A==

"@algolia/requester-node-http@4.17.2":
  version "4.17.2"
  resolved "https://registry.yarnpkg.com/@algolia/requester-node-http/-/requester-node-http-4.17.2.tgz#895ec16b57b5a5b1d6a07b862d48b97a74769392"
  integrity sha512-E0b0kyCDMvUIhQmDNd/mH4fsKJdEEX6PkMKrYJjzm6moo+rP22tqpq4Rfe7DZD8OB6/LsDD3zs3Kvd+L+M5wwQ==
  dependencies:
    "@algolia/requester-common" "4.17.2"

"@algolia/transporter@4.17.2":
  version "4.17.2"
  resolved "https://registry.yarnpkg.com/@algolia/transporter/-/transporter-4.17.2.tgz#06cd0e58d55a27d10560c1113071719176305af6"
  integrity sha512-m8pXlz5OnNzjD1rcw+duCN4jG4yEzkJBsvKYMoN22Oq6rQwy1AY5muZ+IQUs4dL+A364CYkRMLRWhvXpCZ1x+g==
  dependencies:
    "@algolia/cache-common" "4.17.2"
    "@algolia/logger-common" "4.17.2"
    "@algolia/requester-common" "4.17.2"

"@types/node@^20.2.5":
  version "20.2.5"
  resolved "https://registry.npmjs.org/@types/node/-/node-20.2.5.tgz"
  integrity sha512-JJulVEQXmiY9Px5axXHeYGLSjhkZEnD+MDPDGbCbIAbMslkKwmygtZFy1X6s/075Yo94sf8GuSlFfPzysQrWZQ==

algoliasearch@^4.17.2:
  version "4.17.2"
  resolved "https://registry.yarnpkg.com/algoliasearch/-/algoliasearch-4.17.2.tgz#ca861340e04a78da8dc5f8c5646ee38c3d8b7ec7"
  integrity sha512-VFu43JJNYIW74awp7oeQcQsPcxOhd8psqBDTfyNO2Zt6L1NqnNMTVnaIdQ+8dtKqUDBqQZp0szPxECvX8CK2Fg==
  dependencies:
    "@algolia/cache-browser-local-storage" "4.17.2"
    "@algolia/cache-common" "4.17.2"
    "@algolia/cache-in-memory" "4.17.2"
    "@algolia/client-account" "4.17.2"
    "@algolia/client-analytics" "4.17.2"
    "@algolia/client-common" "4.17.2"
    "@algolia/client-personalization" "4.17.2"
    "@algolia/client-search" "4.17.2"
    "@algolia/logger-common" "4.17.2"
    "@algolia/logger-console" "4.17.2"
    "@algolia/requester-browser-xhr" "4.17.2"
    "@algolia/requester-common" "4.17.2"
    "@algolia/requester-node-http" "4.17.2"
    "@algolia/transporter" "4.17.2"

toml@^3.0.0:
  version "3.0.0"
  resolved "https://registry.npmjs.org/toml/-/toml-3.0.0.tgz"
  integrity sha512-y/mWCZinnvxjTKYhJ+pYxwD0mRLVvOtdS2Awbgxln6iEnt4rk0yBxeSBHkGJcPucRiG0e55mwWp+g/05rsrd6w==

typescript@^5.1.3:
  version "5.1.3"
  resolved "https://registry.yarnpkg.com/typescript/-/typescript-5.1.3.tgz#8d84219244a6b40b6fb2b33cc1c062f715b9e826"
  integrity sha512-XH627E9vkeqhlZFQuL+UsyAXEnibT0kWR2FWONlr4sTjvxyJYnyefgrkyECLzM5NenmKzRAy2rR/OlYLA1HkZw==
