# THIS IS AN AUTOGENERATED FILE. DO NOT EDIT THIS FILE DIRECTLY.
# yarn lockfile v1


"@material/animation@^1.0.0":
  version "1.0.0"
  resolved "https://registry.yarnpkg.com/@material/animation/-/animation-1.0.0.tgz#dfd8575c8b031203917dc838ac0e3c0fe0f6709b"
  integrity sha512-Ed5/vggn6ZhSJ87yn3ZS1d826VJNFz73jHF2bSsgRtHDoB8KCuOwQMfdgAgDa4lKDF6CDIPCKBZPKrs2ubehdw==
  dependencies:
    tslib "^1.9.3"

"@material/auto-init@^2.3.0":
  version "2.3.0"
  resolved "https://registry.yarnpkg.com/@material/auto-init/-/auto-init-2.3.0.tgz#3d32507675939ab0d7c9f05b075805ed24d22095"
  integrity sha512-WFlX3xdZjp/gWZiY0+poFjO12fl8t8C9M82kkQLb6WaUkoQ1YHeV2xQSDLY4IvwcKXb70IpcU3Tqgh+aoiHC0w==
  dependencies:
    "@material/base" "^1.0.0"
    tslib "^1.9.3"

"@material/base@^1.0.0":
  version "1.0.0"
  resolved "https://registry.yarnpkg.com/@material/base/-/base-1.0.0.tgz#e4ef0b22c54aa887af94f5988fb1c0cb3245beba"
  integrity sha512-5dxFp46x5FA+Epg6YHLzN+5zRt9S2wR84UdvVAEJ1egea94m9UHUg7y9tAnNSN16aexRSywmzyLwPr+i8PGEYA==
  dependencies:
    tslib "^1.9.3"

"@material/button@^2.3.0":
  version "2.3.0"
  resolved "https://registry.yarnpkg.com/@material/button/-/button-2.3.0.tgz#eff1349babf3f929bd99f86742df988185247d43"
  integrity sha512-xFyZjm0pmisfSU6OHO3Wk2zZX51N9D0DohmaPoXnZt2unfD8bCwRmlmD7TTUQCLnuBoIaqrYShpcRTGp4K5dMw==
  dependencies:
    "@material/elevation" "^1.1.0"
    "@material/feature-targeting" "^0.44.1"
    "@material/ripple" "^2.3.0"
    "@material/rtl" "^0.42.0"
    "@material/shape" "^1.1.1"
    "@material/theme" "^1.1.0"
    "@material/typography" "^2.3.0"

"@material/card@^2.3.0":
  version "2.3.0"
  resolved "https://registry.yarnpkg.com/@material/card/-/card-2.3.0.tgz#f59ac3b16d21d21af5747a530624f14622286c29"
  integrity sha512-udVIanyz3KhZ8IfZjX2Yg+YJxU+oYdP9RbCM3hl7l1aqvNr8WSAy/YZ60Ue54fuN+0CpXiNpz1J8GyDktUZKKg==
  dependencies:
    "@material/elevation" "^1.1.0"
    "@material/feature-targeting" "^0.44.1"
    "@material/ripple" "^2.3.0"
    "@material/rtl" "^0.42.0"
    "@material/shape" "^1.1.1"
    "@material/theme" "^1.1.0"

"@material/checkbox@^2.3.0":
  version "2.3.0"
  resolved "https://registry.yarnpkg.com/@material/checkbox/-/checkbox-2.3.0.tgz#3fd2d8ad4d602b8486f841fc561e01107f06b4a3"
  integrity sha512-ejDn0CyXITF8mKcBZHCLa0fc0a/agej9o4viMLOXXkUIfOY3NJuY11MyZ07MxAgin11NK9HpUX7cIxu3upV+6w==
  dependencies:
    "@material/animation" "^1.0.0"
    "@material/base" "^1.0.0"
    "@material/dom" "^1.1.0"
    "@material/feature-targeting" "^0.44.1"
    "@material/ripple" "^2.3.0"
    "@material/rtl" "^0.42.0"
    "@material/theme" "^1.1.0"
    tslib "^1.9.3"

"@material/chips@^2.3.0":
  version "2.3.0"
  resolved "https://registry.yarnpkg.com/@material/chips/-/chips-2.3.0.tgz#c778dfd61ab072a9771e69edb8b00917a6faf558"
  integrity sha512-jIyThwx3Ax8mFQSmNtfMsI66zJINPis1zZ5LBFTEDN2+iEf7KUgnke8UmQzQac4fPkdZQpsXuiUrMNe4PGf8iA==
  dependencies:
    "@material/animation" "^1.0.0"
    "@material/base" "^1.0.0"
    "@material/checkbox" "^2.3.0"
    "@material/elevation" "^1.1.0"
    "@material/feature-targeting" "^0.44.1"
    "@material/ripple" "^2.3.0"
    "@material/shape" "^1.1.1"
    "@material/theme" "^1.1.0"
    "@material/typography" "^2.3.0"
    tslib "^1.9.3"

"@material/dialog@^2.3.0":
  version "2.3.0"
  resolved "https://registry.yarnpkg.com/@material/dialog/-/dialog-2.3.0.tgz#4525daf31e1d65e50c67f1cc944e69184134734a"
  integrity sha512-T0xEKUW4uY5ZK7S92bdCVjFo9naasTRFNTXccIk+lBkbUlTsCOJMtix+dSJcj8ba8NOZjjq7phfAQqnNKUOhvg==
  dependencies:
    "@material/animation" "^1.0.0"
    "@material/base" "^1.0.0"
    "@material/dom" "^1.1.0"
    "@material/elevation" "^1.1.0"
    "@material/feature-targeting" "^0.44.1"
    "@material/ripple" "^2.3.0"
    "@material/rtl" "^0.42.0"
    "@material/shape" "^1.1.1"
    "@material/theme" "^1.1.0"
    "@material/typography" "^2.3.0"
    focus-trap "^5.0.0"
    tslib "^1.9.3"

"@material/dom@^1.1.0":
  version "1.1.0"
  resolved "https://registry.yarnpkg.com/@material/dom/-/dom-1.1.0.tgz#3bd3d1a3415b4181118fecb182d93beda56a6f8c"
  integrity sha512-+HWW38ZaM2UBPu4+7QCusLDSf4tFT31rsEXHkTkxYSg/QpDivfPx6YDz4OmYtafmhPR1d1YjqB3MYysUHdodyw==
  dependencies:
    tslib "^1.9.3"

"@material/drawer@^2.3.0":
  version "2.3.0"
  resolved "https://registry.yarnpkg.com/@material/drawer/-/drawer-2.3.0.tgz#be81ef24d21f77b2d716dbd8240c02c9dccce2c9"
  integrity sha512-BIrRLkqUO2SLkSRPWtXNwF4ZFmP1NOYynNelPZOdHZOIa6HcgmXzCL5p7hInJ5MDar/xMTA84CSO6Vf1byQwHA==
  dependencies:
    "@material/animation" "^1.0.0"
    "@material/base" "^1.0.0"
    "@material/elevation" "^1.1.0"
    "@material/list" "^2.3.0"
    "@material/ripple" "^2.3.0"
    "@material/rtl" "^0.42.0"
    "@material/shape" "^1.1.1"
    "@material/theme" "^1.1.0"
    "@material/typography" "^2.3.0"
    focus-trap "^5.0.0"
    tslib "^1.9.3"

"@material/elevation@^1.1.0":
  version "1.1.0"
  resolved "https://registry.yarnpkg.com/@material/elevation/-/elevation-1.1.0.tgz#def23c360ae067b43c1632a331b9883b9f679cc5"
  integrity sha512-m4eATJvDhWK1BT+yA1iHz5mhAk8cV9olC4mjVzm4PTAqhDH2yya4WzjN1HPVHE/a65ObyZ7V4qopxu9MRocm3A==
  dependencies:
    "@material/animation" "^1.0.0"
    "@material/feature-targeting" "^0.44.1"
    "@material/theme" "^1.1.0"

"@material/fab@^2.3.0":
  version "2.3.0"
  resolved "https://registry.yarnpkg.com/@material/fab/-/fab-2.3.0.tgz#d2302b6f21bd84c7fa6d4196079d39bf7abd3cc2"
  integrity sha512-XsRTbUMsH4pE/E8CkpAahwNywzwiz73nyBC0YxhzAxfHVO4oGwjcUsVlnFMSITj7K8aEyD/uMyAYwgISuAH83g==
  dependencies:
    "@material/animation" "^1.0.0"
    "@material/elevation" "^1.1.0"
    "@material/feature-targeting" "^0.44.1"
    "@material/ripple" "^2.3.0"
    "@material/rtl" "^0.42.0"
    "@material/shape" "^1.1.1"
    "@material/theme" "^1.1.0"
    "@material/typography" "^2.3.0"

"@material/feature-targeting@^0.44.1":
  version "0.44.1"
  resolved "https://registry.yarnpkg.com/@material/feature-targeting/-/feature-targeting-0.44.1.tgz#afafc80294e5efab94bee31a187273d43d34979a"
  integrity sha512-90cc7njn4aHbH9UxY8qgZth1W5JgOgcEdWdubH1t7sFkwqFxS5g3zgxSBt46TygFBVIXNZNq35Xmg80wgqO7Pg==

"@material/floating-label@^2.3.0":
  version "2.3.0"
  resolved "https://registry.yarnpkg.com/@material/floating-label/-/floating-label-2.3.0.tgz#001aa73bc035b8bf913dabc2926361f8c1458f28"
  integrity sha512-OYcNmf+mVzW+rphDgVkyWES+SbivA6Y2+0amVDD9E9X6hLjO+L1dtIP3rC7lp0Y2Ey9rkuRORsUoriFvN7xQQw==
  dependencies:
    "@material/animation" "^1.0.0"
    "@material/base" "^1.0.0"
    "@material/rtl" "^0.42.0"
    "@material/theme" "^1.1.0"
    "@material/typography" "^2.3.0"
    tslib "^1.9.3"

"@material/form-field@^2.3.0":
  version "2.3.0"
  resolved "https://registry.yarnpkg.com/@material/form-field/-/form-field-2.3.0.tgz#0f36b50ad8c96d6aa856fa74084e5e2128218724"
  integrity sha512-f+RmxxoARS1UV5/yLhZJ9x2b7ueSKZJJCvaUfuppbv/oIkas0dYeW6lIkGo1ienNZyr2ZdW/j2KiL47LahYP/Q==
  dependencies:
    "@material/base" "^1.0.0"
    "@material/feature-targeting" "^0.44.1"
    "@material/ripple" "^2.3.0"
    "@material/rtl" "^0.42.0"
    "@material/theme" "^1.1.0"
    "@material/typography" "^2.3.0"
    tslib "^1.9.3"

"@material/grid-list@^2.3.0":
  version "2.3.0"
  resolved "https://registry.yarnpkg.com/@material/grid-list/-/grid-list-2.3.0.tgz#159e58321407c49527bc5a02dfbfcb1a8445060a"
  integrity sha512-7SrUnhXW2iA0voUUGrwYM0PVx+BK9fsgW8GPakIJFIsRO9ES0VafaOl9DQLsjB8q39jL1nYmwIf/CMfeAlN/dQ==
  dependencies:
    "@material/base" "^1.0.0"
    "@material/feature-targeting" "^0.44.1"
    "@material/rtl" "^0.42.0"
    "@material/theme" "^1.1.0"
    "@material/typography" "^2.3.0"
    tslib "^1.9.3"

"@material/icon-button@^2.3.0":
  version "2.3.0"
  resolved "https://registry.yarnpkg.com/@material/icon-button/-/icon-button-2.3.0.tgz#1160ecccd201161a1a38033732beed95a0624497"
  integrity sha512-EZhdCn9a9livj9rGTUtDQ3UmF2zkAkaysWzgyDaGUih9rAbZThtGE68DhBWjBoe/+FDAOZ/vXnR23FdCsITmmw==
  dependencies:
    "@material/base" "^1.0.0"
    "@material/feature-targeting" "^0.44.1"
    "@material/ripple" "^2.3.0"
    "@material/theme" "^1.1.0"
    tslib "^1.9.3"

"@material/image-list@^2.3.0":
  version "2.3.0"
  resolved "https://registry.yarnpkg.com/@material/image-list/-/image-list-2.3.0.tgz#05f1836f93decf77529f7ce42d73ee6e9d31117e"
  integrity sha512-0hV+G743pUhZbkwppY6J7QujWS7TMmYJ6KGLMabArkBwk/BgFk5HTHR7Wn1n3ZCId18JpEBo9XzLcSOZc6fNAg==
  dependencies:
    "@material/feature-targeting" "^0.44.1"
    "@material/shape" "^1.1.1"
    "@material/theme" "^1.1.0"
    "@material/typography" "^2.3.0"

"@material/layout-grid@^0.41.0":
  version "0.41.0"
  resolved "https://registry.yarnpkg.com/@material/layout-grid/-/layout-grid-0.41.0.tgz#2e7d3be76313e0684d573b10c2c6a88b3230d251"
  integrity sha512-Sa5RNoTGgfIojqJ9E94p7/k11V6q/tGk7HwKi4AQNAPjxield0zcl3G/SbsSb8YSHoK+D+7OXDN+n11x6EqF7g==

"@material/line-ripple@^2.3.0":
  version "2.3.0"
  resolved "https://registry.yarnpkg.com/@material/line-ripple/-/line-ripple-2.3.0.tgz#e7d876f1dad0a7e418ccfefed875443fc1f303a0"
  integrity sha512-gDjUlrM6P182ldY4CYiBMcdcUtch1DWd1osgp5STJXxth6ukRCNIdDigrKCHtyJKB8eXeNORwWs39xWZOGihbA==
  dependencies:
    "@material/animation" "^1.0.0"
    "@material/base" "^1.0.0"
    "@material/theme" "^1.1.0"
    tslib "^1.9.3"

"@material/linear-progress@^2.3.0":
  version "2.3.0"
  resolved "https://registry.yarnpkg.com/@material/linear-progress/-/linear-progress-2.3.0.tgz#07ab97443e04a8075b2ca8d38bc97a7d60a4bd4a"
  integrity sha512-GouSTtxMRpU2lpjhKXcKFTJOePkZoPZTnXN/o4PxUJFeGp9TJcDQwyz0+WcaLPJ/MmCsXZWXJzd+oBWVOkca+A==
  dependencies:
    "@material/animation" "^1.0.0"
    "@material/base" "^1.0.0"
    "@material/theme" "^1.1.0"
    tslib "^1.9.3"

"@material/list@^2.3.0":
  version "2.3.0"
  resolved "https://registry.yarnpkg.com/@material/list/-/list-2.3.0.tgz#07f8d7194495f487d440bbe9fd09a2d3a68cee06"
  integrity sha512-uuHWXpaXvPuOaQtQXwrgNc+WTTwBSwU/es65KJJcGrpc/o8Q3mYwMepotMN7E7/L75Wxz2w6uejnoM3zGZfvqg==
  dependencies:
    "@material/base" "^1.0.0"
    "@material/dom" "^1.1.0"
    "@material/feature-targeting" "^0.44.1"
    "@material/ripple" "^2.3.0"
    "@material/rtl" "^0.42.0"
    "@material/shape" "^1.1.1"
    "@material/theme" "^1.1.0"
    "@material/typography" "^2.3.0"
    tslib "^1.9.3"

"@material/menu-surface@^2.3.0":
  version "2.3.0"
  resolved "https://registry.yarnpkg.com/@material/menu-surface/-/menu-surface-2.3.0.tgz#5d82b4ed7b7124000a2e1fe76034e94f0a433b83"
  integrity sha512-jJ1MyeJnEJUO0Z7kNxvqN0xruWbTT2XKHCiApQcJHHkeibWfbWJdhXcx5aO4FMf/TVcy3ADSxDTdvc6AYrBX0g==
  dependencies:
    "@material/animation" "^1.0.0"
    "@material/base" "^1.0.0"
    "@material/elevation" "^1.1.0"
    "@material/feature-targeting" "^0.44.1"
    "@material/rtl" "^0.42.0"
    "@material/shape" "^1.1.1"
    "@material/theme" "^1.1.0"
    tslib "^1.9.3"

"@material/menu@^2.3.0":
  version "2.3.0"
  resolved "https://registry.yarnpkg.com/@material/menu/-/menu-2.3.0.tgz#29d7b3557efcf627796cfaf532754f5c6f2d120b"
  integrity sha512-XPI6w4x5c9ACwKBdujcTskBlisWlEgrb09Sa+s0vjhqBJVZVAUJT1j0OpG8tArNUqQiFssXBa/JuJIe6sMAK1A==
  dependencies:
    "@material/base" "^1.0.0"
    "@material/feature-targeting" "^0.44.1"
    "@material/list" "^2.3.0"
    "@material/menu-surface" "^2.3.0"
    "@material/ripple" "^2.3.0"
    "@material/rtl" "^0.42.0"
    tslib "^1.9.3"

"@material/notched-outline@^2.3.0":
  version "2.3.0"
  resolved "https://registry.yarnpkg.com/@material/notched-outline/-/notched-outline-2.3.0.tgz#707c7329a01fe80b269a1c4689769b812d825eb1"
  integrity sha512-EDhpCGcMi1gW12qzXsdKHr6aYxa80s94tn9/G1r7eJu/BOVTYt20qjqoYQJE6i8XxcD1t5xcNdQ7StgGpk2MGA==
  dependencies:
    "@material/animation" "^1.0.0"
    "@material/base" "^1.0.0"
    "@material/floating-label" "^2.3.0"
    "@material/rtl" "^0.42.0"
    "@material/shape" "^1.1.1"
    "@material/theme" "^1.1.0"
    tslib "^1.9.3"

"@material/radio@^2.3.0":
  version "2.3.0"
  resolved "https://registry.yarnpkg.com/@material/radio/-/radio-2.3.0.tgz#6d990edb88a3aea610895d11591d93814faac44a"
  integrity sha512-l22cFvA/cZj/tsyDJVk1xayXGUTFFXp8yFe4SuGRW00/hNgGNF44rOSjN5H41iPU3oD1AreQL8r43fWW4eMH8w==
  dependencies:
    "@material/animation" "^1.0.0"
    "@material/base" "^1.0.0"
    "@material/feature-targeting" "^0.44.1"
    "@material/ripple" "^2.3.0"
    "@material/theme" "^1.1.0"
    tslib "^1.9.3"

"@material/ripple@^2.3.0":
  version "2.3.0"
  resolved "https://registry.yarnpkg.com/@material/ripple/-/ripple-2.3.0.tgz#4701b2cfecddc4c83ae62c777ae2bf9607988705"
  integrity sha512-ejXR0nstERofFhssRyFlwOLgebwm2uGbarHtWZ2/+7QY2Th/Z1wOqNb2h/WRoShsJXK11RUsochb6BJrg30u7w==
  dependencies:
    "@material/animation" "^1.0.0"
    "@material/base" "^1.0.0"
    "@material/dom" "^1.1.0"
    "@material/feature-targeting" "^0.44.1"
    "@material/theme" "^1.1.0"
    tslib "^1.9.3"

"@material/rtl@^0.42.0":
  version "0.42.0"
  resolved "https://registry.yarnpkg.com/@material/rtl/-/rtl-0.42.0.tgz#1836e78186c2d8b996f6fbf97adab203535335bc"
  integrity sha512-VrnrKJzhmspsN8WXHuxxBZ69yM5IwhCUqWr1t1eNfw3ZEvEj7i1g3P31HGowKThIN1dc1Wh4LE14rCISWCtv5w==

"@material/select@^2.3.0":
  version "2.3.0"
  resolved "https://registry.yarnpkg.com/@material/select/-/select-2.3.0.tgz#f71530e534c1b467bbee1834f58b19d067988e1d"
  integrity sha512-0OAj7t3Eov+9QKnifELdauQ1f2XweNdZ9c/eYrqBKPSHCGkZ7FZoVfcM8LMMZiIAANi/LFAgVq9tIdgQ8GA6/A==
  dependencies:
    "@material/animation" "^1.0.0"
    "@material/base" "^1.0.0"
    "@material/floating-label" "^2.3.0"
    "@material/line-ripple" "^2.3.0"
    "@material/menu" "^2.3.0"
    "@material/menu-surface" "^2.3.0"
    "@material/notched-outline" "^2.3.0"
    "@material/ripple" "^2.3.0"
    "@material/rtl" "^0.42.0"
    "@material/shape" "^1.1.1"
    "@material/theme" "^1.1.0"
    "@material/typography" "^2.3.0"
    tslib "^1.9.3"

"@material/shape@^1.1.1":
  version "1.1.1"
  resolved "https://registry.yarnpkg.com/@material/shape/-/shape-1.1.1.tgz#7a5368694bc3555e69ea547950904b46fa1024bf"
  integrity sha512-Jge/h1XBLjdLlam4QMSzVgM99e/N8+elQROPkltqVP7eyLc17BwM3aP5cLVfZDgrJgvsjUxbgAP1H1j8sqmUyg==
  dependencies:
    "@material/feature-targeting" "^0.44.1"

"@material/slider@^2.3.0":
  version "2.3.0"
  resolved "https://registry.yarnpkg.com/@material/slider/-/slider-2.3.0.tgz#abf8c17b0e51842c807f26eac0519728185f2c9d"
  integrity sha512-TlSwQ0d8ciD2qsZjrNrj0Qmw6AWlqkNJ3CrXVyqeaaL4JzS/oKKk7Ib83fJbwsSSeK6ipH3zGM7138R8OSj94g==
  dependencies:
    "@material/animation" "^1.0.0"
    "@material/base" "^1.0.0"
    "@material/rtl" "^0.42.0"
    "@material/theme" "^1.1.0"
    "@material/typography" "^2.3.0"
    tslib "^1.9.3"

"@material/snackbar@^2.3.0":
  version "2.3.0"
  resolved "https://registry.yarnpkg.com/@material/snackbar/-/snackbar-2.3.0.tgz#c5e3700834373808eb8845c020de38054008447d"
  integrity sha512-/ac/i6MXhIVvQAwJ20SCBFos2TZ66YUJRUfLH8C7UpH+ukbrZNohLwFzoVFOZtbGMOfS5jLzlVTI8LBNezng6Q==
  dependencies:
    "@material/animation" "^1.0.0"
    "@material/base" "^1.0.0"
    "@material/button" "^2.3.0"
    "@material/dom" "^1.1.0"
    "@material/icon-button" "^2.3.0"
    "@material/ripple" "^2.3.0"
    "@material/rtl" "^0.42.0"
    "@material/shape" "^1.1.1"
    "@material/theme" "^1.1.0"
    "@material/typography" "^2.3.0"
    tslib "^1.9.3"

"@material/switch@^2.3.0":
  version "2.3.0"
  resolved "https://registry.yarnpkg.com/@material/switch/-/switch-2.3.0.tgz#3ea7acc35d645d83a718e40d27e72ccca083e271"
  integrity sha512-c21j5VJFUAoey1fPGZaQaRcFeXZcP6dPYewUgFdGURtHnbVHqVVf5GEAcnFsk2NuBN2mDqKLQ3AKbozIAi65hw==
  dependencies:
    "@material/animation" "^1.0.0"
    "@material/base" "^1.0.0"
    "@material/dom" "^1.1.0"
    "@material/elevation" "^1.1.0"
    "@material/feature-targeting" "^0.44.1"
    "@material/ripple" "^2.3.0"
    "@material/rtl" "^0.42.0"
    "@material/theme" "^1.1.0"
    tslib "^1.9.3"

"@material/tab-bar@^2.3.0":
  version "2.3.0"
  resolved "https://registry.yarnpkg.com/@material/tab-bar/-/tab-bar-2.3.0.tgz#f2d7b714cdec4ed766a4b1b7f3a871e19a4d47a1"
  integrity sha512-p+uDZrhwolnwsaY42kehEc8mbe5ekzjlZEsoCAJCN9AL8VnbsRSS/qePFllhz7roUGrH6AYmYYoHNw1Qx2XT+Q==
  dependencies:
    "@material/base" "^1.0.0"
    "@material/elevation" "^1.1.0"
    "@material/tab" "^2.3.0"
    "@material/tab-scroller" "^2.3.0"
    tslib "^1.9.3"

"@material/tab-indicator@^2.3.0":
  version "2.3.0"
  resolved "https://registry.yarnpkg.com/@material/tab-indicator/-/tab-indicator-2.3.0.tgz#db2eb467303e4b7cd09bc92b23f1d575dd5aee37"
  integrity sha512-E9jlESIfjTOoo2pZn7KoTeXEW2jI/2RVtu6IEbhfESLuxPGYmxgO+QxIodEW0VoJhogaa6hR/mFnYBVLbh3JZQ==
  dependencies:
    "@material/animation" "^1.0.0"
    "@material/base" "^1.0.0"
    "@material/theme" "^1.1.0"
    tslib "^1.9.3"

"@material/tab-scroller@^2.3.0":
  version "2.3.0"
  resolved "https://registry.yarnpkg.com/@material/tab-scroller/-/tab-scroller-2.3.0.tgz#226b73770bd5b4b03026124e662fd2e4ce15e425"
  integrity sha512-WLAH6po+3SrMJSsnq056aBcLxNMg4TVGyST+TO/wdWOg6QYFSgrjaYpZQEJIkPO+W8Jt54xieI7GPoU5KYB7AA==
  dependencies:
    "@material/animation" "^1.0.0"
    "@material/base" "^1.0.0"
    "@material/dom" "^1.1.0"
    "@material/tab" "^2.3.0"
    tslib "^1.9.3"

"@material/tab@^2.3.0":
  version "2.3.0"
  resolved "https://registry.yarnpkg.com/@material/tab/-/tab-2.3.0.tgz#539763bb1d50b06f6c36ed19fc83bf76d6cb84a9"
  integrity sha512-6AdTvTWndPnFC4R/cXo9yZa1M6AGUoeKKaDBaTi2/8cDT0Hmwf5dJTq/T2E0XPtXEW/cELmw7x7yYy3B7IpeQA==
  dependencies:
    "@material/base" "^1.0.0"
    "@material/ripple" "^2.3.0"
    "@material/rtl" "^0.42.0"
    "@material/tab-indicator" "^2.3.0"
    "@material/theme" "^1.1.0"
    "@material/typography" "^2.3.0"
    tslib "^1.9.3"

"@material/textfield@^2.3.0":
  version "2.3.0"
  resolved "https://registry.yarnpkg.com/@material/textfield/-/textfield-2.3.0.tgz#45df864e553460d084e48de940ca07fa38508520"
  integrity sha512-6Tc0XZDEcU7tQgASNDNQPSxVzkmR7iO5zGynemXydYsmXzrcoisId2nyD2OWW+XBw+TUkJs93REd38Ij8l9LKw==
  dependencies:
    "@material/animation" "^1.0.0"
    "@material/base" "^1.0.0"
    "@material/dom" "^1.1.0"
    "@material/floating-label" "^2.3.0"
    "@material/line-ripple" "^2.3.0"
    "@material/notched-outline" "^2.3.0"
    "@material/ripple" "^2.3.0"
    "@material/rtl" "^0.42.0"
    "@material/shape" "^1.1.1"
    "@material/theme" "^1.1.0"
    "@material/typography" "^2.3.0"
    tslib "^1.9.3"

"@material/theme@^1.1.0":
  version "1.1.0"
  resolved "https://registry.yarnpkg.com/@material/theme/-/theme-1.1.0.tgz#9c95dd804168c23c30589fcf09ecc5af5b3d1adc"
  integrity sha512-YYUV9Rhbx4r/EMb/zoOYJUWjhXChNaLlH1rqt3vpNVyxRcxGqoVMGp5u1XALBCFiD9dACPKLIkKyRYa928nmPQ==
  dependencies:
    "@material/feature-targeting" "^0.44.1"

"@material/toolbar@^2.3.0":
  version "2.3.0"
  resolved "https://registry.yarnpkg.com/@material/toolbar/-/toolbar-2.3.0.tgz#6cc4635909606a1dff3c51619f269aff927ada48"
  integrity sha512-lRMxWLjThMl8jI9iv0By1ABsbESIclIn3jTugvZUmYQQwPmJQ38YzdA6I27gJKLiljZxteaShIOd1TQHnjI4Fw==
  dependencies:
    "@material/base" "^1.0.0"
    "@material/elevation" "^1.1.0"
    "@material/ripple" "^2.3.0"
    "@material/rtl" "^0.42.0"
    "@material/theme" "^1.1.0"
    "@material/typography" "^2.3.0"
    tslib "^1.9.3"

"@material/top-app-bar@^2.3.0":
  version "2.3.0"
  resolved "https://registry.yarnpkg.com/@material/top-app-bar/-/top-app-bar-2.3.0.tgz#59805864b3693cd54e2d96c6f2981221e51f9e0e"
  integrity sha512-Y62htWToLGABuxHbFYZxHrR99uVAQa7kdlix7tB7h4J5C/SIIKe9plRMh5e0mqhGf006okrAS0h8J+6KM4hh0Q==
  dependencies:
    "@material/animation" "^1.0.0"
    "@material/base" "^1.0.0"
    "@material/elevation" "^1.1.0"
    "@material/ripple" "^2.3.0"
    "@material/rtl" "^0.42.0"
    "@material/shape" "^1.1.1"
    "@material/theme" "^1.1.0"
    "@material/typography" "^2.3.0"
    tslib "^1.9.3"

"@material/typography@^2.3.0":
  version "2.3.0"
  resolved "https://registry.yarnpkg.com/@material/typography/-/typography-2.3.0.tgz#fe2180c697172227f0745cda684ecafdaba3f8dd"
  integrity sha512-NtWVVvwG9Te6/kuIl4fEwDcXGCS7mfPgo5CKPyxcK6y0hJHv6yRHpipJT9D4ZlXw0sQx9B33doOK7iYJtwBBZw==
  dependencies:
    "@material/feature-targeting" "^0.44.1"

abbrev@1:
  version "1.1.1"
  resolved "https://registry.yarnpkg.com/abbrev/-/abbrev-1.1.1.tgz#f8f2c887ad10bf67f634f005b6987fed3179aac8"
  integrity sha512-nne9/IiQ/hzIhY6pdDnbBtz7DjPTKrY00P/zvPSm5pOFkl6xuGrGnXn/VtTNNfNtAfZ9/1RtehkszU9qcTii0Q==

agentkeepalive@^2.2.0:
  version "2.2.0"
  resolved "https://registry.yarnpkg.com/agentkeepalive/-/agentkeepalive-2.2.0.tgz#c5d1bd4b129008f1163f236f86e5faea2026e2ef"
  integrity sha1-xdG9SxKQCPEWPyNvhuX66iAm4u8=

algoliasearch-helper@^2.26.0:
  version "2.28.0"
  resolved "https://registry.yarnpkg.com/algoliasearch-helper/-/algoliasearch-helper-2.28.0.tgz#1cafa7fcd02c15e9411c4d1778e9a4e89581916d"
  integrity sha512-ZWczpkns2tw9sAtFL+1Cn3XAGkaunYS+ckldBrHHHQZj1/vw9n8SOGUO7lwpjuKXG9+TWgzx6XP3ZsG3iM+6hw==
  dependencies:
    events "^1.1.1"
    lodash "^4.17.5"
    qs "^6.5.1"

algoliasearch@^3.33.0:
  version "3.33.0"
  resolved "https://registry.yarnpkg.com/algoliasearch/-/algoliasearch-3.33.0.tgz#83b541124ebb0db54643009d4e660866b3177cdf"
  integrity sha512-9DaVmOd7cvcZeYyV0BWAeJHVWJmgOL2DNUEBY/DTR4MzD1wCWs4Djl7LAlfvkGwGBdRHZCG+l0HA1572w3T8zg==
  dependencies:
    agentkeepalive "^2.2.0"
    debug "^2.6.9"
    envify "^4.0.0"
    es6-promise "^4.1.0"
    events "^1.1.0"
    foreach "^2.0.5"
    global "^4.3.2"
    inherits "^2.0.1"
    isarray "^2.0.1"
    load-script "^1.0.0"
    object-keys "^1.0.11"
    querystring-es3 "^0.2.1"
    reduce "^1.0.1"
    semver "^5.1.0"
    tunnel-agent "^0.6.0"

classnames@^2.2.5:
  version "2.2.6"
  resolved "https://registry.yarnpkg.com/classnames/-/classnames-2.2.6.tgz#43935bffdd291f326dad0a205309b38d00f650ce"
  integrity sha512-JR/iSQOSt+LQIWwrwEzJ9uk0xfN3mTVYMwt1Ir5mUcSN6pU+V4zQFFaJsclJbPuAUQH+yfWef6tm7l1quW3C8Q==

debug@^2.6.9:
  version "2.6.9"
  resolved "https://registry.yarnpkg.com/debug/-/debug-2.6.9.tgz#5d128515df134ff327e90a4c93f4e077a536341f"
  integrity sha512-bC7ElrdJaJnPbAP+1EotYvqZsb3ecl5wi6Bfi6BJTUcNowp6cvspg0jXznRTKDjm/E7AdgFBVeAPVMNcKGsHMA==
  dependencies:
    ms "2.0.0"

define-properties@^1.1.2:
  version "1.1.3"
  resolved "https://registry.yarnpkg.com/define-properties/-/define-properties-1.1.3.tgz#cf88da6cbee26fe6db7094f61d870cbd84cee9f1"
  integrity sha512-3MqfYKj2lLzdMSf8ZIZE/V+Zuy+BgD6f164e8K2w7dgnpKArBDerGYpM46IYYcjnkdPNMjPk9A6VFB8+3SKlXQ==
  dependencies:
    object-keys "^1.0.12"

dom-walk@^0.1.0:
  version "0.1.1"
  resolved "https://registry.yarnpkg.com/dom-walk/-/dom-walk-0.1.1.tgz#672226dc74c8f799ad35307df936aba11acd6018"
  integrity sha1-ZyIm3HTI95mtNTB9+TaroRrNYBg=

envify@^4.0.0:
  version "4.1.0"
  resolved "https://registry.yarnpkg.com/envify/-/envify-4.1.0.tgz#f39ad3db9d6801b4e6b478b61028d3f0b6819f7e"
  integrity sha512-IKRVVoAYr4pIx4yIWNsz9mOsboxlNXiu7TNBnem/K/uTHdkyzXWDzHCK7UTolqBbgaBz0tQHsD3YNls0uIIjiw==
  dependencies:
    esprima "^4.0.0"
    through "~2.3.4"

es6-promise@^4.1.0:
  version "4.2.6"
  resolved "https://registry.yarnpkg.com/es6-promise/-/es6-promise-4.2.6.tgz#b685edd8258886365ea62b57d30de28fadcd974f"
  integrity sha512-aRVgGdnmW2OiySVPUC9e6m+plolMAJKjZnQlCwNSuK5yQ0JN61DZSO1X1Ufd1foqWRAlig0rhduTCHe7sVtK5Q==

esprima@^4.0.0:
  version "4.0.1"
  resolved "https://registry.yarnpkg.com/esprima/-/esprima-4.0.1.tgz#13b04cdb3e6c5d19df91ab6987a8695619b0aa71"
  integrity sha512-eGuFFw7Upda+g4p+QHvnW0RyTX/SVeJBDM/gCtMARO0cLuT2HcEKnTPvhjV6aGeqrCB/sbNop0Kszm0jsaWU4A==

events@^1.1.0, events@^1.1.1:
  version "1.1.1"
  resolved "https://registry.yarnpkg.com/events/-/events-1.1.1.tgz#9ebdb7635ad099c70dcc4c2a1f5004288e8bd924"
  integrity sha1-nr23Y1rQmccNzEwqH1AEKI6L2SQ=

focus-trap@^5.0.0:
  version "5.0.1"
  resolved "https://registry.yarnpkg.com/focus-trap/-/focus-trap-5.0.1.tgz#285f9df2cd9f5ef82dd1abb5d8a70e66cd4f99e3"
  integrity sha512-vU7zEdL3y+kfkuwBbT9456JH8QfyemdcdZ2gKMfmgLyAs9NQAkSVQBSZmb9nlb1cVMo+iCsddqeGJog00pd2EQ==
  dependencies:
    tabbable "^4.0.0"
    xtend "^4.0.1"

foreach@^2.0.5:
  version "2.0.5"
  resolved "https://registry.yarnpkg.com/foreach/-/foreach-2.0.5.tgz#0bee005018aeb260d0a3af3ae658dd0136ec1b99"
  integrity sha1-C+4AUBiusmDQo6865ljdATbsG5k=

function-bind@^1.1.1:
  version "1.1.1"
  resolved "https://registry.yarnpkg.com/function-bind/-/function-bind-1.1.1.tgz#a56899d3ea3c9bab874bb9773b7c5ede92f4895d"
  integrity sha512-yIovAzMX49sF8Yl58fSCWJ5svSLuaibPxXQJFLmBObTuCr0Mf1KiPopGM9NiFjiYBCbfaa2Fh6breQ6ANVTI0A==

global@^4.3.2:
  version "4.3.2"
  resolved "https://registry.yarnpkg.com/global/-/global-4.3.2.tgz#e76989268a6c74c38908b1305b10fc0e394e9d0f"
  integrity sha1-52mJJopsdMOJCLEwWxD8DjlOnQ8=
  dependencies:
    min-document "^2.19.0"
    process "~0.5.1"

has-symbols@^1.0.0:
  version "1.0.0"
  resolved "https://registry.yarnpkg.com/has-symbols/-/has-symbols-1.0.0.tgz#ba1a8f1af2a0fc39650f5c850367704122063b44"
  integrity sha1-uhqPGvKg/DllD1yFA2dwQSIGO0Q=

hogan.js@^3.0.2:
  version "3.0.2"
  resolved "https://registry.yarnpkg.com/hogan.js/-/hogan.js-3.0.2.tgz#4cd9e1abd4294146e7679e41d7898732b02c7bfd"
  integrity sha1-TNnhq9QpQUbnZ55B14mHMrAse/0=
  dependencies:
    mkdirp "0.3.0"
    nopt "1.0.10"

immutability-helper@^2.7.1:
  version "2.9.1"
  resolved "https://registry.yarnpkg.com/immutability-helper/-/immutability-helper-2.9.1.tgz#71c423ba387e67b6c6ceba0650572f2a2a6727df"
  integrity sha512-r/RmRG8xO06s/k+PIaif2r5rGc3j4Yhc01jSBfwPCXDLYZwp/yxralI37Df1mwmuzcCsen/E/ITKcTEvc1PQmQ==
  dependencies:
    invariant "^2.2.0"

inherits@^2.0.1:
  version "2.0.3"
  resolved "https://registry.yarnpkg.com/inherits/-/inherits-2.0.3.tgz#633c2c83e3da42a502f52466022480f4208261de"
  integrity sha1-Yzwsg+PaQqUC9SRmAiSA9CCCYd4=

instantsearch.js@^3.5.3:
  version "3.5.3"
  resolved "https://registry.yarnpkg.com/instantsearch.js/-/instantsearch.js-3.5.3.tgz#da85f306874fb1b588f886de5a38331bc689b03f"
  integrity sha512-QEXkKCJtBIQK5cJMGlkWdyM+aBZFV+8YwxwhN/qcebPJEA19Mwq9LlsFpMSv7UEw42Xx0wEpHuLVUtDqEC7YIQ==
  dependencies:
    algoliasearch-helper "^2.26.0"
    classnames "^2.2.5"
    events "^1.1.0"
    hogan.js "^3.0.2"
    preact "^8.3.0"
    preact-compat "^3.18.0"
    preact-rheostat "^2.1.1"
    prop-types "^15.5.10"
    qs "^6.5.1"

invariant@^2.2.0:
  version "2.2.4"
  resolved "https://registry.yarnpkg.com/invariant/-/invariant-2.2.4.tgz#610f3c92c9359ce1db616e538008d23ff35158e6"
  integrity sha512-phJfQVBuaJM5raOpJjSfkiD6BpbCE4Ns//LaXl6wGYtUBY83nWS6Rf9tXm2e8VaK60JEjYldbPif/A2B1C2gNA==
  dependencies:
    loose-envify "^1.0.0"

isarray@^2.0.1:
  version "2.0.4"
  resolved "https://registry.yarnpkg.com/isarray/-/isarray-2.0.4.tgz#38e7bcbb0f3ba1b7933c86ba1894ddfc3781bbb7"
  integrity sha512-GMxXOiUirWg1xTKRipM0Ek07rX+ubx4nNVElTJdNLYmNO/2YrDkgJGw9CljXn+r4EWiDQg/8lsRdHyg2PJuUaA==

"js-tokens@^3.0.0 || ^4.0.0":
  version "4.0.0"
  resolved "https://registry.yarnpkg.com/js-tokens/-/js-tokens-4.0.0.tgz#19203fb59991df98e3a287050d4647cdeaf32499"
  integrity sha512-RdJUflcE3cUzKiMqQgsCu06FPu9UdIJO0beYbPhHN4k6apgJtifcoCtT9bcxOpYBtpD2kCM6Sbzg4CausW/PKQ==

load-script@^1.0.0:
  version "1.0.0"
  resolved "https://registry.yarnpkg.com/load-script/-/load-script-1.0.0.tgz#0491939e0bee5643ee494a7e3da3d2bac70c6ca4"
  integrity sha1-BJGTngvuVkPuSUp+PaPSuscMbKQ=

lodash@^4.17.5:
  version "4.17.11"
  resolved "https://registry.yarnpkg.com/lodash/-/lodash-4.17.11.tgz#b39ea6229ef607ecd89e2c8df12536891cac9b8d"
  integrity sha512-cQKh8igo5QUhZ7lg38DYWAxMvjSAKG0A8wGSVimP07SIUEK2UO+arSRKbRZWtelMtN5V0Hkwh5ryOto/SshYIg==

loose-envify@^1.0.0, loose-envify@^1.4.0:
  version "1.4.0"
  resolved "https://registry.yarnpkg.com/loose-envify/-/loose-envify-1.4.0.tgz#71ee51fa7be4caec1a63839f7e682d8132d30caf"
  integrity sha512-lyuxPGr/Wfhrlem2CL/UcnUc1zcqKAImBDzukY7Y5F/yQiNdko6+fRLevlw1HgMySw7f611UIY408EtxRSoK3Q==
  dependencies:
    js-tokens "^3.0.0 || ^4.0.0"

material-components-web@^2.2.0:
  version "2.3.0"
  resolved "https://registry.yarnpkg.com/material-components-web/-/material-components-web-2.3.0.tgz#1da0c45d55b9156b2a8dce81ee0e997ebaf1e919"
  integrity sha512-W6UzUliyrPfydvnNYbCONVjgPGQz4iB8zXZoE3aPqBi3dI+U7yzNmX3k+K0hoIe2j27G5PYsuQzWbzqPPX4FVw==
  dependencies:
    "@material/animation" "^1.0.0"
    "@material/auto-init" "^2.3.0"
    "@material/base" "^1.0.0"
    "@material/button" "^2.3.0"
    "@material/card" "^2.3.0"
    "@material/checkbox" "^2.3.0"
    "@material/chips" "^2.3.0"
    "@material/dialog" "^2.3.0"
    "@material/dom" "^1.1.0"
    "@material/drawer" "^2.3.0"
    "@material/elevation" "^1.1.0"
    "@material/fab" "^2.3.0"
    "@material/feature-targeting" "^0.44.1"
    "@material/floating-label" "^2.3.0"
    "@material/form-field" "^2.3.0"
    "@material/grid-list" "^2.3.0"
    "@material/icon-button" "^2.3.0"
    "@material/image-list" "^2.3.0"
    "@material/layout-grid" "^0.41.0"
    "@material/line-ripple" "^2.3.0"
    "@material/linear-progress" "^2.3.0"
    "@material/list" "^2.3.0"
    "@material/menu" "^2.3.0"
    "@material/menu-surface" "^2.3.0"
    "@material/notched-outline" "^2.3.0"
    "@material/radio" "^2.3.0"
    "@material/ripple" "^2.3.0"
    "@material/rtl" "^0.42.0"
    "@material/select" "^2.3.0"
    "@material/shape" "^1.1.1"
    "@material/slider" "^2.3.0"
    "@material/snackbar" "^2.3.0"
    "@material/switch" "^2.3.0"
    "@material/tab" "^2.3.0"
    "@material/tab-bar" "^2.3.0"
    "@material/tab-indicator" "^2.3.0"
    "@material/tab-scroller" "^2.3.0"
    "@material/textfield" "^2.3.0"
    "@material/theme" "^1.1.0"
    "@material/toolbar" "^2.3.0"
    "@material/top-app-bar" "^2.3.0"
    "@material/typography" "^2.3.0"

min-document@^2.19.0:
  version "2.19.0"
  resolved "https://registry.yarnpkg.com/min-document/-/min-document-2.19.0.tgz#7bd282e3f5842ed295bb748cdd9f1ffa2c824685"
  integrity sha1-e9KC4/WELtKVu3SM3Z8f+iyCRoU=
  dependencies:
    dom-walk "^0.1.0"

mkdirp@0.3.0:
  version "0.3.0"
  resolved "https://registry.yarnpkg.com/mkdirp/-/mkdirp-0.3.0.tgz#1bbf5ab1ba827af23575143490426455f481fe1e"
  integrity sha1-G79asbqCevI1dRQ0kEJkVfSB/h4=

ms@2.0.0:
  version "2.0.0"
  resolved "https://registry.yarnpkg.com/ms/-/ms-2.0.0.tgz#5608aeadfc00be6c2901df5f9861788de0d597c8"
  integrity sha1-VgiurfwAvmwpAd9fmGF4jeDVl8g=

nopt@1.0.10:
  version "1.0.10"
  resolved "https://registry.yarnpkg.com/nopt/-/nopt-1.0.10.tgz#6ddd21bd2a31417b92727dd585f8a6f37608ebee"
  integrity sha1-bd0hvSoxQXuScn3Vhfim83YI6+4=
  dependencies:
    abbrev "1"

normalize.css@^8.0.1:
  version "8.0.1"
  resolved "https://registry.yarnpkg.com/normalize.css/-/normalize.css-8.0.1.tgz#9b98a208738b9cc2634caacbc42d131c97487bf3"
  integrity sha512-qizSNPO93t1YUuUhP22btGOo3chcvDFqFaj2TRybP0DMxkHOCTYwp3n34fel4a31ORXy4m1Xq0Gyqpb5m33qIg==

object-assign@^4.1.1:
  version "4.1.1"
  resolved "https://registry.yarnpkg.com/object-assign/-/object-assign-4.1.1.tgz#2109adc7965887cfc05cbbd442cac8bfbb360863"
  integrity sha1-IQmtx5ZYh8/AXLvUQsrIv7s2CGM=

object-keys@^1.0.11, object-keys@^1.0.12, object-keys@^1.1.0:
  version "1.1.1"
  resolved "https://registry.yarnpkg.com/object-keys/-/object-keys-1.1.1.tgz#1c47f272df277f3b1daf061677d9c82e2322c60e"
  integrity sha512-NuAESUOUMrlIXOfHKzD6bpPu3tYt3xvjNdRIQ+FeT0lNb4K8WR70CaDxhuNguS2XG+GjkyMwOzsN5ZktImfhLA==

object.assign@^4.0.4:
  version "4.1.0"
  resolved "https://registry.yarnpkg.com/object.assign/-/object.assign-4.1.0.tgz#968bf1100d7956bb3ca086f006f846b3bc4008da"
  integrity sha512-exHJeq6kBKj58mqGyTQ9DFvrZC/eR6OwxzoM9YRoGBqrXYonaFyGiFMuc9VZrXf7DarreEwMpurG3dd+CNyW5w==
  dependencies:
    define-properties "^1.1.2"
    function-bind "^1.1.1"
    has-symbols "^1.0.0"
    object-keys "^1.0.11"

preact-compat@^3.17.0, preact-compat@^3.18.0:
  version "3.18.5"
  resolved "https://registry.yarnpkg.com/preact-compat/-/preact-compat-3.18.5.tgz#45b801de75e3016bebe8cd446f51f60d2b948bb9"
  integrity sha512-F174NW6PI5GU+T28B0ZHblhxMsFaPVaSBiaE++xrxdDVunsO0mARYfOSZizTdb/PFLqXDzcQ1IWdnEt/vIiUvw==
  dependencies:
    immutability-helper "^2.7.1"
    preact-render-to-string "^3.8.2"
    preact-transition-group "^1.1.1"
    prop-types "^15.6.2"
    standalone-react-addons-pure-render-mixin "^0.1.1"

preact-render-to-string@^3.8.2:
  version "3.8.2"
  resolved "https://registry.yarnpkg.com/preact-render-to-string/-/preact-render-to-string-3.8.2.tgz#bd72964d705a57da3a9e72098acaa073dd3ceff9"
  integrity sha512-przuZPajiurStGgxMoJP0EJeC4xj5CgHv+M7GfF3YxAdhGgEWAkhOSE0xympAFN20uMayntBZpttIZqqLl77fw==
  dependencies:
    pretty-format "^3.5.1"

preact-rheostat@^2.1.1:
  version "2.1.1"
  resolved "https://registry.yarnpkg.com/preact-rheostat/-/preact-rheostat-2.1.1.tgz#45fcb4c2f4f7beb6dbd5e0f18f744655fc16ac7c"
  integrity sha512-d03JgkpbjknALYl+zfNiJQ60sFd4A0YjnLCe/DB+rqKQck7jXpsW9RqSN0R50/lV8fEezhVCjq2WMPDDOKmwaA==
  dependencies:
    object.assign "^4.0.4"
    preact "^8.2.5"
    preact-compat "^3.17.0"
    prop-types "^15.5.10"

preact-transition-group@^1.1.1:
  version "1.1.1"
  resolved "https://registry.yarnpkg.com/preact-transition-group/-/preact-transition-group-1.1.1.tgz#f0a49327ea515ece34ea2be864c4a7d29e5d6e10"
  integrity sha1-8KSTJ+pRXs406ivoZMSn0p5dbhA=

preact@^8.2.5, preact@^8.3.0:
  version "8.4.2"
  resolved "https://registry.yarnpkg.com/preact/-/preact-8.4.2.tgz#1263b974a17d1ea80b66590e41ef786ced5d6a23"
  integrity sha512-TsINETWiisfB6RTk0wh3/mvxbGRvx+ljeBccZ4Z6MPFKgu/KFGyf2Bmw3Z/jlXhL5JlNKY6QAbA9PVyzIy9//A==

pretty-format@^3.5.1:
  version "3.8.0"
  resolved "https://registry.yarnpkg.com/pretty-format/-/pretty-format-3.8.0.tgz#bfbed56d5e9a776645f4b1ff7aa1a3ac4fa3c385"
  integrity sha1-v77VbV6ad2ZF9LH/eqGjrE+jw4U=

process@~0.5.1:
  version "0.5.2"
  resolved "https://registry.yarnpkg.com/process/-/process-0.5.2.tgz#1638d8a8e34c2f440a91db95ab9aeb677fc185cf"
  integrity sha1-FjjYqONML0QKkduVq5rrZ3/Bhc8=

prop-types@^15.5.10, prop-types@^15.6.2:
  version "15.7.2"
  resolved "https://registry.yarnpkg.com/prop-types/-/prop-types-15.7.2.tgz#52c41e75b8c87e72b9d9360e0206b99dcbffa6c5"
  integrity sha512-8QQikdH7//R2vurIJSutZ1smHYTcLpRWEOlHnzcWHmBYrOGUysKwSsrC89BCiFj3CbrfJ/nXFdJepOVrY1GCHQ==
  dependencies:
    loose-envify "^1.4.0"
    object-assign "^4.1.1"
    react-is "^16.8.1"

qs@^6.5.1:
  version "6.7.0"
  resolved "https://registry.yarnpkg.com/qs/-/qs-6.7.0.tgz#41dc1a015e3d581f1621776be31afb2876a9b1bc"
  integrity sha512-VCdBRNFTX1fyE7Nb6FYoURo/SPe62QCaAyzJvUjwRaIsc+NePBEniHlvxFmmX56+HZphIGtV0XeCirBtpDrTyQ==

querystring-es3@^0.2.1:
  version "0.2.1"
  resolved "https://registry.yarnpkg.com/querystring-es3/-/querystring-es3-0.2.1.tgz#9ec61f79049875707d69414596fd907a4d711e73"
  integrity sha1-nsYfeQSYdXB9aUFFlv2Qek1xHnM=

react-is@^16.8.1:
  version "16.8.6"
  resolved "https://registry.yarnpkg.com/react-is/-/react-is-16.8.6.tgz#5bbc1e2d29141c9fbdfed456343fe2bc430a6a16"
  integrity sha512-aUk3bHfZ2bRSVFFbbeVS4i+lNPZr3/WM5jT2J5omUVV1zzcs1nAaf3l51ctA5FFvCRbhrH0bdAsRRQddFJZPtA==

reduce@^1.0.1:
  version "1.0.2"
  resolved "https://registry.yarnpkg.com/reduce/-/reduce-1.0.2.tgz#0cd680ad3ffe0b060e57a5c68bdfce37168d361b"
  integrity sha512-xX7Fxke/oHO5IfZSk77lvPa/7bjMh9BuCk4OOoX5XTXrM7s0Z+MkPfSDfz0q7r91BhhGSs8gii/VEN/7zhCPpQ==
  dependencies:
    object-keys "^1.1.0"

safe-buffer@^5.0.1:
  version "5.1.2"
  resolved "https://registry.yarnpkg.com/safe-buffer/-/safe-buffer-5.1.2.tgz#991ec69d296e0313747d59bdfd2b745c35f8828d"
  integrity sha512-Gd2UZBJDkXlY7GbJxfsE8/nvKkUEU1G38c1siN6QP6a9PT9MmHB8GnpscSmMJSoF8LOIrt8ud/wPtojys4G6+g==

semver@^5.1.0:
  version "5.7.0"
  resolved "https://registry.yarnpkg.com/semver/-/semver-5.7.0.tgz#790a7cf6fea5459bac96110b29b60412dc8ff96b"
  integrity sha512-Ya52jSX2u7QKghxeoFGpLwCtGlt7j0oY9DYb5apt9nPlJ42ID+ulTXESnt/qAQcoSERyZ5sl3LDIOw0nAn/5DA==

standalone-react-addons-pure-render-mixin@^0.1.1:
  version "0.1.1"
  resolved "https://registry.yarnpkg.com/standalone-react-addons-pure-render-mixin/-/standalone-react-addons-pure-render-mixin-0.1.1.tgz#3c7409f4c79c40de9ac72c616cf679a994f37551"
  integrity sha1-PHQJ9MecQN6axyxhbPZ5qZTzdVE=

tabbable@^4.0.0:
  version "4.0.0"
  resolved "https://registry.yarnpkg.com/tabbable/-/tabbable-4.0.0.tgz#5bff1d1135df1482cf0f0206434f15eadbeb9261"
  integrity sha512-H1XoH1URcBOa/rZZWxLxHCtOdVUEev+9vo5YdYhC9tCY4wnybX+VQrCYuy9ubkg69fCBxCONJOSLGfw0DWMffQ==

through@~2.3.4:
  version "2.3.8"
  resolved "https://registry.yarnpkg.com/through/-/through-2.3.8.tgz#0dd4c9ffaabc357960b1b724115d7e0e86a2e1f5"
  integrity sha1-DdTJ/6q8NXlgsbckEV1+Doai4fU=

tslib@^1.9.3:
  version "1.9.3"
  resolved "https://registry.yarnpkg.com/tslib/-/tslib-1.9.3.tgz#d7e4dd79245d85428c4d7e4822a79917954ca286"
  integrity sha512-4krF8scpejhaOgqzBEcGM7yDIEfi0/8+8zDRZhNZZ2kjmHJ4hv3zCbQWxoJGz1iw5U0Jl0nma13xzHXcncMavQ==

tunnel-agent@^0.6.0:
  version "0.6.0"
  resolved "https://registry.yarnpkg.com/tunnel-agent/-/tunnel-agent-0.6.0.tgz#27a5dea06b36b04a0a9966774b290868f0fc40fd"
  integrity sha1-J6XeoGs2sEoKmWZ3SykIaPD8QP0=
  dependencies:
    safe-buffer "^5.0.1"

uikit@^3.1.5:
  version "3.1.5"
  resolved "https://registry.yarnpkg.com/uikit/-/uikit-3.1.5.tgz#79c68bd1f7be779c1748734bbc281ac531a53129"
  integrity sha512-6kN9GewAeFXeOVRbtLL1PIhIXixIDbRMJGHnIiMXJT5Bp3n6HYfVdaBIjJLEh9Ffuv3JdGnwZdKuGpp7oNcRhw==

xtend@^4.0.1:
  version "4.0.1"
  resolved "https://registry.yarnpkg.com/xtend/-/xtend-4.0.1.tgz#a5c6d532be656e23db820efb943a1f04998d63af"
  integrity sha1-pcbVMr5lbiPbgg77lDofBJmNY68=
