# THIS IS AN AUTOGENERATED FILE. DO NOT EDIT THIS FILE DIRECTLY.
# yarn lockfile v1


"@material/animation@^1.0.0":
  version "1.0.0"
  resolved "https://registry.yarnpkg.com/@material/animation/-/animation-1.0.0.tgz#dfd8575c8b031203917dc838ac0e3c0fe0f6709b"
  integrity sha512-Ed5/vggn6ZhSJ87yn3ZS1d826VJNFz73jHF2bSsgRtHDoB8KCuOwQMfdgAgDa4lKDF6CDIPCKBZPKrs2ubehdw==
  dependencies:
    tslib "^1.9.3"

"@material/auto-init@^1.0.0":
  version "1.0.0"
  resolved "https://registry.yarnpkg.com/@material/auto-init/-/auto-init-1.0.0.tgz#0431b03f1bd533f57c4532657e236fe47711f3ab"
  integrity sha512-xlWEjjyQquXMi9xz3RH7HW/5dsLGkVYQnm1WCYw2a6JIpIlipkkLEzBNc//agiQongIBbLndL07gO7WQeSohNA==
  dependencies:
    "@material/base" "^1.0.0"
    tslib "^1.9.3"

"@material/base@^1.0.0":
  version "1.0.0"
  resolved "https://registry.yarnpkg.com/@material/base/-/base-1.0.0.tgz#e4ef0b22c54aa887af94f5988fb1c0cb3245beba"
  integrity sha512-5dxFp46x5FA+Epg6YHLzN+5zRt9S2wR84UdvVAEJ1egea94m9UHUg7y9tAnNSN16aexRSywmzyLwPr+i8PGEYA==
  dependencies:
    tslib "^1.9.3"

"@material/button@^2.0.0":
  version "2.0.0"
  resolved "https://registry.yarnpkg.com/@material/button/-/button-2.0.0.tgz#8699cbae8fe30572b2d6e499438f85481be6262a"
  integrity sha512-3qGywVbKUM34CDUihHPNpGh4PmKOmPgPYa8Y346mZg1wpOf7gW0vi+EZQOC98AqEKhIMe7l0axKuLfklUHOHjA==
  dependencies:
    "@material/elevation" "^1.1.0"
    "@material/feature-targeting" "^0.44.1"
    "@material/ripple" "^2.0.0"
    "@material/rtl" "^0.42.0"
    "@material/shape" "^1.1.1"
    "@material/theme" "^1.1.0"
    "@material/typography" "^1.0.0"

"@material/card@^2.0.0":
  version "2.0.0"
  resolved "https://registry.yarnpkg.com/@material/card/-/card-2.0.0.tgz#11f337c5bc5dc68625ec75280cae061108600e8c"
  integrity sha512-2tOWdauiBSm1IAgeX2w796Fw9uZBKfBlW1dBJqdHm9aMcjxa99897g+K2DbPe+FzeQoqOAwrPULv+VwTVCJBTw==
  dependencies:
    "@material/elevation" "^1.1.0"
    "@material/feature-targeting" "^0.44.1"
    "@material/ripple" "^2.0.0"
    "@material/rtl" "^0.42.0"
    "@material/shape" "^1.1.1"
    "@material/theme" "^1.1.0"

"@material/checkbox@^2.1.0":
  version "2.1.0"
  resolved "https://registry.yarnpkg.com/@material/checkbox/-/checkbox-2.1.0.tgz#95402987f1fcdff0b60639810561e4f57f514306"
  integrity sha512-vDwzrEPxaeVvXtFGabJTweMQ8QteFuLvaGaLMasqdmz/S9DgR6QQGqgfXnfAcTx/AgzIAlvV2SzQpH4lUNdtiw==
  dependencies:
    "@material/animation" "^1.0.0"
    "@material/base" "^1.0.0"
    "@material/dom" "^1.1.0"
    "@material/feature-targeting" "^0.44.1"
    "@material/ripple" "^2.0.0"
    "@material/rtl" "^0.42.0"
    "@material/theme" "^1.1.0"
    tslib "^1.9.3"

"@material/chips@^2.1.0":
  version "2.1.0"
  resolved "https://registry.yarnpkg.com/@material/chips/-/chips-2.1.0.tgz#31d282b94f760feb4eced04613b411722fcf72a2"
  integrity sha512-nK9xW/G1KDV2lX1GeociA6mHKJBvihUoA/5xr6Lgowv28h0R3b1rRbAojnOKcamvAiuiAKxL8VbXQzWiarNR4A==
  dependencies:
    "@material/animation" "^1.0.0"
    "@material/base" "^1.0.0"
    "@material/checkbox" "^2.1.0"
    "@material/elevation" "^1.1.0"
    "@material/ripple" "^2.0.0"
    "@material/shape" "^1.1.1"
    "@material/theme" "^1.1.0"
    "@material/typography" "^1.0.0"
    tslib "^1.9.3"

"@material/dialog@^2.0.0":
  version "2.0.0"
  resolved "https://registry.yarnpkg.com/@material/dialog/-/dialog-2.0.0.tgz#882170024171b517f9cc139571ab54c0a8c7979d"
  integrity sha512-BH1H71OWCx5Nzn9xYRFVwoXRtFyHydQKp5iPOSKnhzaP2T8Ni3XRGn/CHYvMpQrXHiFnjuwkmAeCW/9cW69j/g==
  dependencies:
    "@material/animation" "^1.0.0"
    "@material/base" "^1.0.0"
    "@material/dom" "^1.1.0"
    "@material/elevation" "^1.1.0"
    "@material/feature-targeting" "^0.44.1"
    "@material/ripple" "^2.0.0"
    "@material/rtl" "^0.42.0"
    "@material/shape" "^1.1.1"
    "@material/theme" "^1.1.0"
    "@material/typography" "^1.0.0"
    focus-trap "^5.0.0"
    tslib "^1.9.3"

"@material/dom@^1.1.0":
  version "1.1.0"
  resolved "https://registry.yarnpkg.com/@material/dom/-/dom-1.1.0.tgz#3bd3d1a3415b4181118fecb182d93beda56a6f8c"
  integrity sha512-+HWW38ZaM2UBPu4+7QCusLDSf4tFT31rsEXHkTkxYSg/QpDivfPx6YDz4OmYtafmhPR1d1YjqB3MYysUHdodyw==
  dependencies:
    tslib "^1.9.3"

"@material/drawer@^2.0.0":
  version "2.0.0"
  resolved "https://registry.yarnpkg.com/@material/drawer/-/drawer-2.0.0.tgz#874f50565a48b2af3e97aea6327a05e55b8ae5b1"
  integrity sha512-1ZJFKYtxsB5ZLr5w3Q0joTz6Q9LM89fIiVl4ciMU3sdUN2UL2+T77wPekKFxycE7ll2n2JNzBKlmZHHI2NIA0g==
  dependencies:
    "@material/animation" "^1.0.0"
    "@material/base" "^1.0.0"
    "@material/elevation" "^1.1.0"
    "@material/list" "^2.0.0"
    "@material/ripple" "^2.0.0"
    "@material/rtl" "^0.42.0"
    "@material/shape" "^1.1.1"
    "@material/theme" "^1.1.0"
    "@material/typography" "^1.0.0"
    focus-trap "^5.0.0"
    tslib "^1.9.3"

"@material/elevation@^1.1.0":
  version "1.1.0"
  resolved "https://registry.yarnpkg.com/@material/elevation/-/elevation-1.1.0.tgz#def23c360ae067b43c1632a331b9883b9f679cc5"
  integrity sha512-m4eATJvDhWK1BT+yA1iHz5mhAk8cV9olC4mjVzm4PTAqhDH2yya4WzjN1HPVHE/a65ObyZ7V4qopxu9MRocm3A==
  dependencies:
    "@material/animation" "^1.0.0"
    "@material/feature-targeting" "^0.44.1"
    "@material/theme" "^1.1.0"

"@material/fab@^2.0.0":
  version "2.0.0"
  resolved "https://registry.yarnpkg.com/@material/fab/-/fab-2.0.0.tgz#74a99a13233756a69f78bbfd98f955eb0f4a1391"
  integrity sha512-uMdJwED1oAuAPKwB9uUEyrhctpswG7xcYY33+RGk8mb7Zz1zxp2egVje07cyIJwxkWNLsEFuL+lGb6HRD7fLlQ==
  dependencies:
    "@material/animation" "^1.0.0"
    "@material/elevation" "^1.1.0"
    "@material/feature-targeting" "^0.44.1"
    "@material/ripple" "^2.0.0"
    "@material/rtl" "^0.42.0"
    "@material/shape" "^1.1.1"
    "@material/theme" "^1.1.0"
    "@material/typography" "^1.0.0"

"@material/feature-targeting@^0.44.1":
  version "0.44.1"
  resolved "https://registry.yarnpkg.com/@material/feature-targeting/-/feature-targeting-0.44.1.tgz#afafc80294e5efab94bee31a187273d43d34979a"
  integrity sha512-90cc7njn4aHbH9UxY8qgZth1W5JgOgcEdWdubH1t7sFkwqFxS5g3zgxSBt46TygFBVIXNZNq35Xmg80wgqO7Pg==

"@material/floating-label@^1.1.0":
  version "1.1.0"
  resolved "https://registry.yarnpkg.com/@material/floating-label/-/floating-label-1.1.0.tgz#505b9f8c7628d0498a18b165c387d4c34840ca60"
  integrity sha512-7q7V+9o9XesgMnK11up9z+BcRFwtLIAIqVTCL3liKRARNHuzw9FGrGMKhTJUKvLZ3z0bM1+FmmVlA3q9FJWehQ==
  dependencies:
    "@material/animation" "^1.0.0"
    "@material/base" "^1.0.0"
    "@material/rtl" "^0.42.0"
    "@material/theme" "^1.1.0"
    "@material/typography" "^1.0.0"
    tslib "^1.9.3"

"@material/form-field@^2.0.0":
  version "2.0.0"
  resolved "https://registry.yarnpkg.com/@material/form-field/-/form-field-2.0.0.tgz#5f3c1043e90467969427aef538218ac2292d614e"
  integrity sha512-p284isGnWffT1w6LQwkKs5i/Ft71a498nds9VQ2bQLMYOzomJ4z6kfZFd+QTUfpu6gBokWPc2XgB7LBi0bNL5Q==
  dependencies:
    "@material/base" "^1.0.0"
    "@material/feature-targeting" "^0.44.1"
    "@material/ripple" "^2.0.0"
    "@material/rtl" "^0.42.0"
    "@material/theme" "^1.1.0"
    "@material/typography" "^1.0.0"
    tslib "^1.9.3"

"@material/grid-list@^1.1.0":
  version "1.1.0"
  resolved "https://registry.yarnpkg.com/@material/grid-list/-/grid-list-1.1.0.tgz#f92dba86ebd26480bc6407d2c6851214b7d21bbc"
  integrity sha512-YukGKO4EzJca5DktfcNKCcrE6B3j/0CznCS0yfAoYagGZxsmmxa1wY4BcObuocIP31/xksRMUCieRbWpKzBhBQ==
  dependencies:
    "@material/base" "^1.0.0"
    "@material/feature-targeting" "^0.44.1"
    "@material/rtl" "^0.42.0"
    "@material/theme" "^1.1.0"
    "@material/typography" "^1.0.0"
    tslib "^1.9.3"

"@material/icon-button@^2.0.0":
  version "2.0.0"
  resolved "https://registry.yarnpkg.com/@material/icon-button/-/icon-button-2.0.0.tgz#90f84025cc720253bc0a55e4c9b654f749154e17"
  integrity sha512-SI+DgNzYft6r/H3nphzf2/AKsG6oQuBPZGSSvQLyyAeU10pcsHxNXm0iuyHBKiKWYXjokNtiYjpKnDpKb6ONkA==
  dependencies:
    "@material/base" "^1.0.0"
    "@material/feature-targeting" "^0.44.1"
    "@material/ripple" "^2.0.0"
    "@material/theme" "^1.1.0"
    tslib "^1.9.3"

"@material/image-list@^1.1.1":
  version "1.1.1"
  resolved "https://registry.yarnpkg.com/@material/image-list/-/image-list-1.1.1.tgz#7f524e2ad116736656c002b2d6f3a87404a1a20f"
  integrity sha512-Y4mUWiD6ODMzAPjcjNTB9O2KriQT7H+dStikRLCXp5lNIU46MwZtu5b67wzRAxq0dnIQ0kJyE9tIYhYRYYKW9w==
  dependencies:
    "@material/feature-targeting" "^0.44.1"
    "@material/shape" "^1.1.1"
    "@material/theme" "^1.1.0"
    "@material/typography" "^1.0.0"

"@material/layout-grid@^0.41.0":
  version "0.41.0"
  resolved "https://registry.yarnpkg.com/@material/layout-grid/-/layout-grid-0.41.0.tgz#2e7d3be76313e0684d573b10c2c6a88b3230d251"
  integrity sha512-Sa5RNoTGgfIojqJ9E94p7/k11V6q/tGk7HwKi4AQNAPjxield0zcl3G/SbsSb8YSHoK+D+7OXDN+n11x6EqF7g==

"@material/line-ripple@^1.1.0":
  version "1.1.0"
  resolved "https://registry.yarnpkg.com/@material/line-ripple/-/line-ripple-1.1.0.tgz#0fef69c14ddf42877f10eed05c1a2489808f1cf4"
  integrity sha512-XqCxDNfgkh9zq0IVlTEFVjmQV8hx8m4vxLFM5qwHDDqcKPlX/Lfc8M43fmm9uE1CaJBC6whMGPvOt/dIla+RUg==
  dependencies:
    "@material/animation" "^1.0.0"
    "@material/base" "^1.0.0"
    "@material/theme" "^1.1.0"
    tslib "^1.9.3"

"@material/linear-progress@^1.1.0":
  version "1.1.0"
  resolved "https://registry.yarnpkg.com/@material/linear-progress/-/linear-progress-1.1.0.tgz#559921d4274fce0131fdf146698582d292855d6a"
  integrity sha512-MIK0cD/o1rTLREtAfTK3v60h7A0/wAu8/3v9dPTMlAPe+Y5gOarAizYWM3r/bp88sGO4gU8nPK0X9/daD28pNw==
  dependencies:
    "@material/animation" "^1.0.0"
    "@material/base" "^1.0.0"
    "@material/theme" "^1.1.0"
    tslib "^1.9.3"

"@material/list@^2.0.0":
  version "2.0.0"
  resolved "https://registry.yarnpkg.com/@material/list/-/list-2.0.0.tgz#556780a590f98751d6cb45138d909b3b2d55c73a"
  integrity sha512-HwwfQehlRCftnYvcb9DX/vHDbH8Q+ofL3IkKNi5hUBPLW1gAzszE5yOkAgxVFCENushdKqNKPAlCgjAiXMSDyA==
  dependencies:
    "@material/base" "^1.0.0"
    "@material/dom" "^1.1.0"
    "@material/feature-targeting" "^0.44.1"
    "@material/ripple" "^2.0.0"
    "@material/rtl" "^0.42.0"
    "@material/shape" "^1.1.1"
    "@material/theme" "^1.1.0"
    "@material/typography" "^1.0.0"
    tslib "^1.9.3"

"@material/menu-surface@^1.1.1":
  version "1.1.1"
  resolved "https://registry.yarnpkg.com/@material/menu-surface/-/menu-surface-1.1.1.tgz#d930f940e31a1bc32a2c9e3f15d5e60d43871cde"
  integrity sha512-bOY3LsVamovl/yb4hMBDi3gh8UFEYyP3GHNpTt+X5KBPDehoFhXG9s21aNvGbHZbwURhhWiRzy/OUC3MLE/hKA==
  dependencies:
    "@material/animation" "^1.0.0"
    "@material/base" "^1.0.0"
    "@material/elevation" "^1.1.0"
    "@material/feature-targeting" "^0.44.1"
    "@material/rtl" "^0.42.0"
    "@material/shape" "^1.1.1"
    "@material/theme" "^1.1.0"
    tslib "^1.9.3"

"@material/menu@^2.0.0":
  version "2.0.0"
  resolved "https://registry.yarnpkg.com/@material/menu/-/menu-2.0.0.tgz#1ed7f72b8095f57bd4644dbbf3419023dc62446f"
  integrity sha512-FIR1Xte5mYBJPeL+nwC/1RnAQD2yRWzhSIJ6fGV/zuTWtl1VwOtvrsuvhLlqtCTg/5rrlrisEYC0v0cKMjZclA==
  dependencies:
    "@material/base" "^1.0.0"
    "@material/feature-targeting" "^0.44.1"
    "@material/list" "^2.0.0"
    "@material/menu-surface" "^1.1.1"
    "@material/ripple" "^2.0.0"
    "@material/rtl" "^0.42.0"
    tslib "^1.9.3"

"@material/notched-outline@^1.1.1":
  version "1.1.1"
  resolved "https://registry.yarnpkg.com/@material/notched-outline/-/notched-outline-1.1.1.tgz#a79c8aa3c5662b676bb46741658f434afa38f0da"
  integrity sha512-HekxMWgIEGlmmdiCATfEJPjAWz2jlyXnfGUiBOkAzI25/OyOgcCd3rLzcMT5DUqItbKoNk1M/9kOmzTSNSt/CA==
  dependencies:
    "@material/animation" "^1.0.0"
    "@material/base" "^1.0.0"
    "@material/floating-label" "^1.1.0"
    "@material/rtl" "^0.42.0"
    "@material/shape" "^1.1.1"
    "@material/theme" "^1.1.0"
    tslib "^1.9.3"

"@material/radio@^2.0.0":
  version "2.0.0"
  resolved "https://registry.yarnpkg.com/@material/radio/-/radio-2.0.0.tgz#db6e9c2e65c1cbbb498aba59540f2a8782b7594a"
  integrity sha512-xk/mgTN7io3mIqpXXcKXLy8izYd8wqdLthB8OdpDQgz25zX8fZ1B2uSzlzwX4RqD2qR2Wzn4N4FC9jW8sm4tKg==
  dependencies:
    "@material/animation" "^1.0.0"
    "@material/base" "^1.0.0"
    "@material/feature-targeting" "^0.44.1"
    "@material/ripple" "^2.0.0"
    "@material/theme" "^1.1.0"
    tslib "^1.9.3"

"@material/ripple@^2.0.0":
  version "2.0.0"
  resolved "https://registry.yarnpkg.com/@material/ripple/-/ripple-2.0.0.tgz#f8c84c874e784ce00a81f2915917c2bc9a0de628"
  integrity sha512-VSWhYeJDvBU5WextcC/WH5t92UzxhErIB+xaSfDIU3bViK2s8/qi9pWcd52FkDoLZuLQFsXU22eYJkDav4p+pw==
  dependencies:
    "@material/animation" "^1.0.0"
    "@material/base" "^1.0.0"
    "@material/dom" "^1.1.0"
    "@material/feature-targeting" "^0.44.1"
    "@material/theme" "^1.1.0"
    tslib "^1.9.3"

"@material/rtl@^0.42.0":
  version "0.42.0"
  resolved "https://registry.yarnpkg.com/@material/rtl/-/rtl-0.42.0.tgz#1836e78186c2d8b996f6fbf97adab203535335bc"
  integrity sha512-VrnrKJzhmspsN8WXHuxxBZ69yM5IwhCUqWr1t1eNfw3ZEvEj7i1g3P31HGowKThIN1dc1Wh4LE14rCISWCtv5w==

"@material/select@^2.0.0":
  version "2.0.0"
  resolved "https://registry.yarnpkg.com/@material/select/-/select-2.0.0.tgz#e985ba8b4ec6c354522a025038a12971c32162d6"
  integrity sha512-yzYdelLV3LU9vVqyJPRICND2Y4WvkmjuFucgYhRlTv57o0LDR9QMEoA0teextjyigsS34p6ezwSa6g2C1Zzedw==
  dependencies:
    "@material/animation" "^1.0.0"
    "@material/base" "^1.0.0"
    "@material/floating-label" "^1.1.0"
    "@material/line-ripple" "^1.1.0"
    "@material/menu" "^2.0.0"
    "@material/menu-surface" "^1.1.1"
    "@material/notched-outline" "^1.1.1"
    "@material/ripple" "^2.0.0"
    "@material/rtl" "^0.42.0"
    "@material/shape" "^1.1.1"
    "@material/theme" "^1.1.0"
    "@material/typography" "^1.0.0"
    tslib "^1.9.3"

"@material/shape@^1.1.1":
  version "1.1.1"
  resolved "https://registry.yarnpkg.com/@material/shape/-/shape-1.1.1.tgz#7a5368694bc3555e69ea547950904b46fa1024bf"
  integrity sha512-Jge/h1XBLjdLlam4QMSzVgM99e/N8+elQROPkltqVP7eyLc17BwM3aP5cLVfZDgrJgvsjUxbgAP1H1j8sqmUyg==
  dependencies:
    "@material/feature-targeting" "^0.44.1"

"@material/slider@^1.1.0":
  version "1.1.0"
  resolved "https://registry.yarnpkg.com/@material/slider/-/slider-1.1.0.tgz#a4940b345d80e2b08d68ba284b9f724119a0a8e8"
  integrity sha512-JV/Phpt38LUVb2sQCr2pBsf0faw0E5LI7ag3dNF3hDq1f3F9Vcu+a8oNADi2M+TNlyelltAMKnc9guARwhDLKw==
  dependencies:
    "@material/animation" "^1.0.0"
    "@material/base" "^1.0.0"
    "@material/rtl" "^0.42.0"
    "@material/theme" "^1.1.0"
    "@material/typography" "^1.0.0"
    tslib "^1.9.3"

"@material/snackbar@^2.0.0":
  version "2.0.0"
  resolved "https://registry.yarnpkg.com/@material/snackbar/-/snackbar-2.0.0.tgz#e4965daaf156d70ab7c4fd670d95b1f45c9b76ab"
  integrity sha512-DHtvJ2x3qW1HJeMVROSMFmZlw/2AlpLhs3dNctMWAaZDihP/Ql6HPjS/RY4ShZip/rzCDnSiB0yOgg9tWuyv+g==
  dependencies:
    "@material/animation" "^1.0.0"
    "@material/base" "^1.0.0"
    "@material/button" "^2.0.0"
    "@material/dom" "^1.1.0"
    "@material/icon-button" "^2.0.0"
    "@material/ripple" "^2.0.0"
    "@material/rtl" "^0.42.0"
    "@material/shape" "^1.1.1"
    "@material/theme" "^1.1.0"
    "@material/typography" "^1.0.0"
    tslib "^1.9.3"

"@material/switch@^2.0.0":
  version "2.0.0"
  resolved "https://registry.yarnpkg.com/@material/switch/-/switch-2.0.0.tgz#66d15e58f6e864ab13ed3cf16d264b0bc24f6770"
  integrity sha512-mKaIna/JuoxxyirtP6ejQbdLrbbLke8lZadRWWbdR7hFi3QdCxKKNyp26uuilqaXwQcfQIEGzojd1S471q2SNg==
  dependencies:
    "@material/animation" "^1.0.0"
    "@material/base" "^1.0.0"
    "@material/dom" "^1.1.0"
    "@material/elevation" "^1.1.0"
    "@material/feature-targeting" "^0.44.1"
    "@material/ripple" "^2.0.0"
    "@material/rtl" "^0.42.0"
    "@material/theme" "^1.1.0"
    tslib "^1.9.3"

"@material/tab-bar@^2.1.0":
  version "2.1.0"
  resolved "https://registry.yarnpkg.com/@material/tab-bar/-/tab-bar-2.1.0.tgz#4d9f6d9e003dc4877e94cb6076c253e245230e56"
  integrity sha512-UG31YVLJWZJKRi9vk0+YuyyFQz52jEl1uy3fy1a6qUZzw4AFgtc+oO0xbVwfw/6QLBmAl/3q0QIfUw4c37IAPA==
  dependencies:
    "@material/base" "^1.0.0"
    "@material/elevation" "^1.1.0"
    "@material/tab" "^2.1.0"
    "@material/tab-scroller" "^2.1.0"
    tslib "^1.9.3"

"@material/tab-indicator@^2.1.0":
  version "2.1.0"
  resolved "https://registry.yarnpkg.com/@material/tab-indicator/-/tab-indicator-2.1.0.tgz#20c5c5523524e38e62724dc8c830f4b2060fa003"
  integrity sha512-9A5lF187q5NbJB8uG76OuSZ5GpRdQtWFHj5oLcyhobnG6VMXNgHIt1512fqxBVHhBmDreASa2tfPlpx/rubm7Q==
  dependencies:
    "@material/animation" "^1.0.0"
    "@material/base" "^1.0.0"
    "@material/theme" "^1.1.0"
    tslib "^1.9.3"

"@material/tab-scroller@^2.1.0":
  version "2.1.0"
  resolved "https://registry.yarnpkg.com/@material/tab-scroller/-/tab-scroller-2.1.0.tgz#c4bddefdbc8c1b0c1b60203c1cd72f976503b316"
  integrity sha512-RsojHqlxFlI32i+XjKrmJtnqQBZtuxGelbfwFL+TZprCDycCdW0WTXWe9TLY07UmODJ1XjpLB9M+m9c8QdKTvg==
  dependencies:
    "@material/animation" "^1.0.0"
    "@material/base" "^1.0.0"
    "@material/dom" "^1.1.0"
    "@material/tab" "^2.1.0"
    tslib "^1.9.3"

"@material/tab@^2.1.0":
  version "2.1.0"
  resolved "https://registry.yarnpkg.com/@material/tab/-/tab-2.1.0.tgz#1de23d933c3feca116a0678a018a76b0d01f3493"
  integrity sha512-BpEC2QkUjmEbcWpQQqzc19zrYprQwFexkUAVU1E+XnDqTn68ynu0mU2KRzYPcXi5UIr07eELDB2F2+aa10RypA==
  dependencies:
    "@material/base" "^1.0.0"
    "@material/ripple" "^2.0.0"
    "@material/rtl" "^0.42.0"
    "@material/tab-indicator" "^2.1.0"
    "@material/theme" "^1.1.0"
    "@material/typography" "^1.0.0"
    tslib "^1.9.3"

"@material/textfield@^2.1.0":
  version "2.1.0"
  resolved "https://registry.yarnpkg.com/@material/textfield/-/textfield-2.1.0.tgz#86fd22576f194809a0b6420bbd1ea84159f88d03"
  integrity sha512-lzWuLwY07dLLhxdraQMsfop+jLUau4byaFfM8sa90RlkqqDV/TfkpQ+AF18S1rlTXX929Dkf0eYnJsHHtCBbEA==
  dependencies:
    "@material/animation" "^1.0.0"
    "@material/base" "^1.0.0"
    "@material/dom" "^1.1.0"
    "@material/floating-label" "^1.1.0"
    "@material/line-ripple" "^1.1.0"
    "@material/notched-outline" "^1.1.1"
    "@material/ripple" "^2.0.0"
    "@material/rtl" "^0.42.0"
    "@material/shape" "^1.1.1"
    "@material/theme" "^1.1.0"
    "@material/typography" "^1.0.0"
    tslib "^1.9.3"

"@material/theme@^1.1.0":
  version "1.1.0"
  resolved "https://registry.yarnpkg.com/@material/theme/-/theme-1.1.0.tgz#9c95dd804168c23c30589fcf09ecc5af5b3d1adc"
  integrity sha512-YYUV9Rhbx4r/EMb/zoOYJUWjhXChNaLlH1rqt3vpNVyxRcxGqoVMGp5u1XALBCFiD9dACPKLIkKyRYa928nmPQ==
  dependencies:
    "@material/feature-targeting" "^0.44.1"

"@material/toolbar@^2.0.0":
  version "2.0.0"
  resolved "https://registry.yarnpkg.com/@material/toolbar/-/toolbar-2.0.0.tgz#1a4d1126884368364c96e24e284e6b9ecbcb3911"
  integrity sha512-vudr9/3CWD2tOt5Nu/OHCDplWuiA+xuTiynW63A/oC3zicb2y4GxQOf7JoHe9DisOx4P4qxvbEA98FBmGkBsoQ==
  dependencies:
    "@material/base" "^1.0.0"
    "@material/elevation" "^1.1.0"
    "@material/ripple" "^2.0.0"
    "@material/rtl" "^0.42.0"
    "@material/theme" "^1.1.0"
    "@material/typography" "^1.0.0"
    tslib "^1.9.3"

"@material/top-app-bar@^2.1.0":
  version "2.1.0"
  resolved "https://registry.yarnpkg.com/@material/top-app-bar/-/top-app-bar-2.1.0.tgz#59bdb1365510acfd2485c111939732e87ba29d07"
  integrity sha512-wr/x+CrdscOIznNJj/w65P8hyi3sLBv9pX0+Ia1LJKpBwK16h29xWZAWwBQD6yzdr42/QvU5OiMcYg0bPikHGA==
  dependencies:
    "@material/animation" "^1.0.0"
    "@material/base" "^1.0.0"
    "@material/elevation" "^1.1.0"
    "@material/ripple" "^2.0.0"
    "@material/rtl" "^0.42.0"
    "@material/shape" "^1.1.1"
    "@material/theme" "^1.1.0"
    "@material/typography" "^1.0.0"
    tslib "^1.9.3"

"@material/typography@^1.0.0":
  version "1.0.0"
  resolved "https://registry.yarnpkg.com/@material/typography/-/typography-1.0.0.tgz#327ecfcac5ee3af8a3a102f3f125a761202f4189"
  integrity sha512-Oeqbjci1cC7jTE8/n3dwnkqKe9ZeWiaE+rgMtRYtRFw1HvAw14SpGA5EEAS/Li2Hu2KZ50FYCe3HYqShfxtChA==
  dependencies:
    "@material/feature-targeting" "^0.44.1"

abbrev@1:
  version "1.1.1"
  resolved "https://registry.yarnpkg.com/abbrev/-/abbrev-1.1.1.tgz#f8f2c887ad10bf67f634f005b6987fed3179aac8"
  integrity sha512-nne9/IiQ/hzIhY6pdDnbBtz7DjPTKrY00P/zvPSm5pOFkl6xuGrGnXn/VtTNNfNtAfZ9/1RtehkszU9qcTii0Q==

agentkeepalive@^2.2.0:
  version "2.2.0"
  resolved "https://registry.yarnpkg.com/agentkeepalive/-/agentkeepalive-2.2.0.tgz#c5d1bd4b129008f1163f236f86e5faea2026e2ef"
  integrity sha1-xdG9SxKQCPEWPyNvhuX66iAm4u8=

algoliasearch-helper@^2.26.0:
  version "2.27.0"
  resolved "https://registry.yarnpkg.com/algoliasearch-helper/-/algoliasearch-helper-2.27.0.tgz#bb42ceba42560be8211ee5fdc8f23bab207264c2"
  integrity sha512-ly815eMqpoLbb5zMMzzWyg3GcdSG5gEDE+jR/DLAPFTyYJW1XKpeWCenflqvUVl3akN9R/ctGF2vao2da6pBDA==
  dependencies:
    events "^1.1.1"
    lodash "^4.17.5"
    qs "^6.5.1"

algoliasearch@^3.33.0:
  version "3.33.0"
  resolved "https://registry.yarnpkg.com/algoliasearch/-/algoliasearch-3.33.0.tgz#83b541124ebb0db54643009d4e660866b3177cdf"
  integrity sha512-9DaVmOd7cvcZeYyV0BWAeJHVWJmgOL2DNUEBY/DTR4MzD1wCWs4Djl7LAlfvkGwGBdRHZCG+l0HA1572w3T8zg==
  dependencies:
    agentkeepalive "^2.2.0"
    debug "^2.6.9"
    envify "^4.0.0"
    es6-promise "^4.1.0"
    events "^1.1.0"
    foreach "^2.0.5"
    global "^4.3.2"
    inherits "^2.0.1"
    isarray "^2.0.1"
    load-script "^1.0.0"
    object-keys "^1.0.11"
    querystring-es3 "^0.2.1"
    reduce "^1.0.1"
    semver "^5.1.0"
    tunnel-agent "^0.6.0"

classnames@^2.2.5:
  version "2.2.6"
  resolved "https://registry.yarnpkg.com/classnames/-/classnames-2.2.6.tgz#43935bffdd291f326dad0a205309b38d00f650ce"
  integrity sha512-JR/iSQOSt+LQIWwrwEzJ9uk0xfN3mTVYMwt1Ir5mUcSN6pU+V4zQFFaJsclJbPuAUQH+yfWef6tm7l1quW3C8Q==

debug@^2.6.9:
  version "2.6.9"
  resolved "https://registry.yarnpkg.com/debug/-/debug-2.6.9.tgz#5d128515df134ff327e90a4c93f4e077a536341f"
  integrity sha512-bC7ElrdJaJnPbAP+1EotYvqZsb3ecl5wi6Bfi6BJTUcNowp6cvspg0jXznRTKDjm/E7AdgFBVeAPVMNcKGsHMA==
  dependencies:
    ms "2.0.0"

define-properties@^1.1.2:
  version "1.1.3"
  resolved "https://registry.yarnpkg.com/define-properties/-/define-properties-1.1.3.tgz#cf88da6cbee26fe6db7094f61d870cbd84cee9f1"
  integrity sha512-3MqfYKj2lLzdMSf8ZIZE/V+Zuy+BgD6f164e8K2w7dgnpKArBDerGYpM46IYYcjnkdPNMjPk9A6VFB8+3SKlXQ==
  dependencies:
    object-keys "^1.0.12"

dom-walk@^0.1.0:
  version "0.1.1"
  resolved "https://registry.yarnpkg.com/dom-walk/-/dom-walk-0.1.1.tgz#672226dc74c8f799ad35307df936aba11acd6018"
  integrity sha1-ZyIm3HTI95mtNTB9+TaroRrNYBg=

envify@^4.0.0:
  version "4.1.0"
  resolved "https://registry.yarnpkg.com/envify/-/envify-4.1.0.tgz#f39ad3db9d6801b4e6b478b61028d3f0b6819f7e"
  integrity sha512-IKRVVoAYr4pIx4yIWNsz9mOsboxlNXiu7TNBnem/K/uTHdkyzXWDzHCK7UTolqBbgaBz0tQHsD3YNls0uIIjiw==
  dependencies:
    esprima "^4.0.0"
    through "~2.3.4"

es6-promise@^4.1.0:
  version "4.2.6"
  resolved "https://registry.yarnpkg.com/es6-promise/-/es6-promise-4.2.6.tgz#b685edd8258886365ea62b57d30de28fadcd974f"
  integrity sha512-aRVgGdnmW2OiySVPUC9e6m+plolMAJKjZnQlCwNSuK5yQ0JN61DZSO1X1Ufd1foqWRAlig0rhduTCHe7sVtK5Q==

esprima@^4.0.0:
  version "4.0.1"
  resolved "https://registry.yarnpkg.com/esprima/-/esprima-4.0.1.tgz#13b04cdb3e6c5d19df91ab6987a8695619b0aa71"
  integrity sha512-eGuFFw7Upda+g4p+QHvnW0RyTX/SVeJBDM/gCtMARO0cLuT2HcEKnTPvhjV6aGeqrCB/sbNop0Kszm0jsaWU4A==

events@^1.1.0, events@^1.1.1:
  version "1.1.1"
  resolved "https://registry.yarnpkg.com/events/-/events-1.1.1.tgz#9ebdb7635ad099c70dcc4c2a1f5004288e8bd924"
  integrity sha1-nr23Y1rQmccNzEwqH1AEKI6L2SQ=

focus-trap@^5.0.0:
  version "5.0.0"
  resolved "https://registry.yarnpkg.com/focus-trap/-/focus-trap-5.0.0.tgz#b0d535b4669714e29880d294d13c8c7bbee6a085"
  integrity sha512-ECigB+4yoFBIpzQ0uO+ReM1yU4I4pVxuRSe2W24ElcWo4nJLRCb6amo2wLYEaPXgZ/mt0sSAW0ZNYkgiMrz4fQ==
  dependencies:
    tabbable "^4.0.0"
    xtend "^4.0.1"

foreach@^2.0.5:
  version "2.0.5"
  resolved "https://registry.yarnpkg.com/foreach/-/foreach-2.0.5.tgz#0bee005018aeb260d0a3af3ae658dd0136ec1b99"
  integrity sha1-C+4AUBiusmDQo6865ljdATbsG5k=

function-bind@^1.1.1:
  version "1.1.1"
  resolved "https://registry.yarnpkg.com/function-bind/-/function-bind-1.1.1.tgz#a56899d3ea3c9bab874bb9773b7c5ede92f4895d"
  integrity sha512-yIovAzMX49sF8Yl58fSCWJ5svSLuaibPxXQJFLmBObTuCr0Mf1KiPopGM9NiFjiYBCbfaa2Fh6breQ6ANVTI0A==

global@^4.3.2:
  version "4.3.2"
  resolved "https://registry.yarnpkg.com/global/-/global-4.3.2.tgz#e76989268a6c74c38908b1305b10fc0e394e9d0f"
  integrity sha1-52mJJopsdMOJCLEwWxD8DjlOnQ8=
  dependencies:
    min-document "^2.19.0"
    process "~0.5.1"

has-symbols@^1.0.0:
  version "1.0.0"
  resolved "https://registry.yarnpkg.com/has-symbols/-/has-symbols-1.0.0.tgz#ba1a8f1af2a0fc39650f5c850367704122063b44"
  integrity sha1-uhqPGvKg/DllD1yFA2dwQSIGO0Q=

hogan.js@^3.0.2:
  version "3.0.2"
  resolved "https://registry.yarnpkg.com/hogan.js/-/hogan.js-3.0.2.tgz#4cd9e1abd4294146e7679e41d7898732b02c7bfd"
  integrity sha1-TNnhq9QpQUbnZ55B14mHMrAse/0=
  dependencies:
    mkdirp "0.3.0"
    nopt "1.0.10"

immutability-helper@^2.7.1:
  version "2.9.1"
  resolved "https://registry.yarnpkg.com/immutability-helper/-/immutability-helper-2.9.1.tgz#71c423ba387e67b6c6ceba0650572f2a2a6727df"
  integrity sha512-r/RmRG8xO06s/k+PIaif2r5rGc3j4Yhc01jSBfwPCXDLYZwp/yxralI37Df1mwmuzcCsen/E/ITKcTEvc1PQmQ==
  dependencies:
    invariant "^2.2.0"

inherits@^2.0.1:
  version "2.0.3"
  resolved "https://registry.yarnpkg.com/inherits/-/inherits-2.0.3.tgz#633c2c83e3da42a502f52466022480f4208261de"
  integrity sha1-Yzwsg+PaQqUC9SRmAiSA9CCCYd4=

instantsearch.js@^3.3.0:
  version "3.4.0"
  resolved "https://registry.yarnpkg.com/instantsearch.js/-/instantsearch.js-3.4.0.tgz#8dd687789747d17e60c2335b50a15b4a3e20a3b5"
  integrity sha512-lEZqEZP6fppKBFnE0S4dnA0NN4ytKADtktLZsVD5fhbgH15+VDsK4JST1UjpM/bMLcmpoCRYzIehitp7l8SNAg==
  dependencies:
    algoliasearch-helper "^2.26.0"
    classnames "^2.2.5"
    events "^1.1.0"
    hogan.js "^3.0.2"
    lodash "^4.17.5"
    preact "^8.3.0"
    preact-compat "^3.18.0"
    preact-rheostat "^2.1.1"
    prop-types "^15.5.10"
    qs "^6.5.1"

invariant@^2.2.0:
  version "2.2.4"
  resolved "https://registry.yarnpkg.com/invariant/-/invariant-2.2.4.tgz#610f3c92c9359ce1db616e538008d23ff35158e6"
  integrity sha512-phJfQVBuaJM5raOpJjSfkiD6BpbCE4Ns//LaXl6wGYtUBY83nWS6Rf9tXm2e8VaK60JEjYldbPif/A2B1C2gNA==
  dependencies:
    loose-envify "^1.0.0"

isarray@^2.0.1:
  version "2.0.4"
  resolved "https://registry.yarnpkg.com/isarray/-/isarray-2.0.4.tgz#38e7bcbb0f3ba1b7933c86ba1894ddfc3781bbb7"
  integrity sha512-GMxXOiUirWg1xTKRipM0Ek07rX+ubx4nNVElTJdNLYmNO/2YrDkgJGw9CljXn+r4EWiDQg/8lsRdHyg2PJuUaA==

"js-tokens@^3.0.0 || ^4.0.0":
  version "4.0.0"
  resolved "https://registry.yarnpkg.com/js-tokens/-/js-tokens-4.0.0.tgz#19203fb59991df98e3a287050d4647cdeaf32499"
  integrity sha512-RdJUflcE3cUzKiMqQgsCu06FPu9UdIJO0beYbPhHN4k6apgJtifcoCtT9bcxOpYBtpD2kCM6Sbzg4CausW/PKQ==

load-script@^1.0.0:
  version "1.0.0"
  resolved "https://registry.yarnpkg.com/load-script/-/load-script-1.0.0.tgz#0491939e0bee5643ee494a7e3da3d2bac70c6ca4"
  integrity sha1-BJGTngvuVkPuSUp+PaPSuscMbKQ=

lodash@^4.17.5:
  version "4.17.11"
  resolved "https://registry.yarnpkg.com/lodash/-/lodash-4.17.11.tgz#b39ea6229ef607ecd89e2c8df12536891cac9b8d"
  integrity sha512-cQKh8igo5QUhZ7lg38DYWAxMvjSAKG0A8wGSVimP07SIUEK2UO+arSRKbRZWtelMtN5V0Hkwh5ryOto/SshYIg==

loose-envify@^1.0.0, loose-envify@^1.4.0:
  version "1.4.0"
  resolved "https://registry.yarnpkg.com/loose-envify/-/loose-envify-1.4.0.tgz#71ee51fa7be4caec1a63839f7e682d8132d30caf"
  integrity sha512-lyuxPGr/Wfhrlem2CL/UcnUc1zcqKAImBDzukY7Y5F/yQiNdko6+fRLevlw1HgMySw7f611UIY408EtxRSoK3Q==
  dependencies:
    js-tokens "^3.0.0 || ^4.0.0"

material-components-web@^2.1.0:
  version "2.1.0"
  resolved "https://registry.yarnpkg.com/material-components-web/-/material-components-web-2.1.0.tgz#03c27bd7dd117707ebe66fff42c81a8db1254c7b"
  integrity sha512-dcuCaFxWoncNk4L4H6qM2P0iQIPcYI38aea3YrnNMu54i68TvX0iualWFglu+k5SJvReBv4GLBkDUXYGfmf3pA==
  dependencies:
    "@material/animation" "^1.0.0"
    "@material/auto-init" "^1.0.0"
    "@material/base" "^1.0.0"
    "@material/button" "^2.0.0"
    "@material/card" "^2.0.0"
    "@material/checkbox" "^2.1.0"
    "@material/chips" "^2.1.0"
    "@material/dialog" "^2.0.0"
    "@material/dom" "^1.1.0"
    "@material/drawer" "^2.0.0"
    "@material/elevation" "^1.1.0"
    "@material/fab" "^2.0.0"
    "@material/feature-targeting" "^0.44.1"
    "@material/floating-label" "^1.1.0"
    "@material/form-field" "^2.0.0"
    "@material/grid-list" "^1.1.0"
    "@material/icon-button" "^2.0.0"
    "@material/image-list" "^1.1.1"
    "@material/layout-grid" "^0.41.0"
    "@material/line-ripple" "^1.1.0"
    "@material/linear-progress" "^1.1.0"
    "@material/list" "^2.0.0"
    "@material/menu" "^2.0.0"
    "@material/menu-surface" "^1.1.1"
    "@material/notched-outline" "^1.1.1"
    "@material/radio" "^2.0.0"
    "@material/ripple" "^2.0.0"
    "@material/rtl" "^0.42.0"
    "@material/select" "^2.0.0"
    "@material/shape" "^1.1.1"
    "@material/slider" "^1.1.0"
    "@material/snackbar" "^2.0.0"
    "@material/switch" "^2.0.0"
    "@material/tab" "^2.1.0"
    "@material/tab-bar" "^2.1.0"
    "@material/tab-indicator" "^2.1.0"
    "@material/tab-scroller" "^2.1.0"
    "@material/textfield" "^2.1.0"
    "@material/theme" "^1.1.0"
    "@material/toolbar" "^2.0.0"
    "@material/top-app-bar" "^2.1.0"
    "@material/typography" "^1.0.0"

min-document@^2.19.0:
  version "2.19.0"
  resolved "https://registry.yarnpkg.com/min-document/-/min-document-2.19.0.tgz#7bd282e3f5842ed295bb748cdd9f1ffa2c824685"
  integrity sha1-e9KC4/WELtKVu3SM3Z8f+iyCRoU=
  dependencies:
    dom-walk "^0.1.0"

mkdirp@0.3.0:
  version "0.3.0"
  resolved "https://registry.yarnpkg.com/mkdirp/-/mkdirp-0.3.0.tgz#1bbf5ab1ba827af23575143490426455f481fe1e"
  integrity sha1-G79asbqCevI1dRQ0kEJkVfSB/h4=

ms@2.0.0:
  version "2.0.0"
  resolved "https://registry.yarnpkg.com/ms/-/ms-2.0.0.tgz#5608aeadfc00be6c2901df5f9861788de0d597c8"
  integrity sha1-VgiurfwAvmwpAd9fmGF4jeDVl8g=

nopt@1.0.10:
  version "1.0.10"
  resolved "https://registry.yarnpkg.com/nopt/-/nopt-1.0.10.tgz#6ddd21bd2a31417b92727dd585f8a6f37608ebee"
  integrity sha1-bd0hvSoxQXuScn3Vhfim83YI6+4=
  dependencies:
    abbrev "1"

normalize.css@^8.0.1:
  version "8.0.1"
  resolved "https://registry.yarnpkg.com/normalize.css/-/normalize.css-8.0.1.tgz#9b98a208738b9cc2634caacbc42d131c97487bf3"
  integrity sha512-qizSNPO93t1YUuUhP22btGOo3chcvDFqFaj2TRybP0DMxkHOCTYwp3n34fel4a31ORXy4m1Xq0Gyqpb5m33qIg==

object-assign@^4.1.1:
  version "4.1.1"
  resolved "https://registry.yarnpkg.com/object-assign/-/object-assign-4.1.1.tgz#2109adc7965887cfc05cbbd442cac8bfbb360863"
  integrity sha1-IQmtx5ZYh8/AXLvUQsrIv7s2CGM=

object-keys@^1.0.11, object-keys@^1.0.12, object-keys@^1.1.0:
  version "1.1.1"
  resolved "https://registry.yarnpkg.com/object-keys/-/object-keys-1.1.1.tgz#1c47f272df277f3b1daf061677d9c82e2322c60e"
  integrity sha512-NuAESUOUMrlIXOfHKzD6bpPu3tYt3xvjNdRIQ+FeT0lNb4K8WR70CaDxhuNguS2XG+GjkyMwOzsN5ZktImfhLA==

object.assign@^4.0.4:
  version "4.1.0"
  resolved "https://registry.yarnpkg.com/object.assign/-/object.assign-4.1.0.tgz#968bf1100d7956bb3ca086f006f846b3bc4008da"
  integrity sha512-exHJeq6kBKj58mqGyTQ9DFvrZC/eR6OwxzoM9YRoGBqrXYonaFyGiFMuc9VZrXf7DarreEwMpurG3dd+CNyW5w==
  dependencies:
    define-properties "^1.1.2"
    function-bind "^1.1.1"
    has-symbols "^1.0.0"
    object-keys "^1.0.11"

preact-compat@^3.17.0, preact-compat@^3.18.0:
  version "3.18.5"
  resolved "https://registry.yarnpkg.com/preact-compat/-/preact-compat-3.18.5.tgz#45b801de75e3016bebe8cd446f51f60d2b948bb9"
  integrity sha512-F174NW6PI5GU+T28B0ZHblhxMsFaPVaSBiaE++xrxdDVunsO0mARYfOSZizTdb/PFLqXDzcQ1IWdnEt/vIiUvw==
  dependencies:
    immutability-helper "^2.7.1"
    preact-render-to-string "^3.8.2"
    preact-transition-group "^1.1.1"
    prop-types "^15.6.2"
    standalone-react-addons-pure-render-mixin "^0.1.1"

preact-render-to-string@^3.8.2:
  version "3.8.2"
  resolved "https://registry.yarnpkg.com/preact-render-to-string/-/preact-render-to-string-3.8.2.tgz#bd72964d705a57da3a9e72098acaa073dd3ceff9"
  integrity sha512-przuZPajiurStGgxMoJP0EJeC4xj5CgHv+M7GfF3YxAdhGgEWAkhOSE0xympAFN20uMayntBZpttIZqqLl77fw==
  dependencies:
    pretty-format "^3.5.1"

preact-rheostat@^2.1.1:
  version "2.1.1"
  resolved "https://registry.yarnpkg.com/preact-rheostat/-/preact-rheostat-2.1.1.tgz#45fcb4c2f4f7beb6dbd5e0f18f744655fc16ac7c"
  integrity sha512-d03JgkpbjknALYl+zfNiJQ60sFd4A0YjnLCe/DB+rqKQck7jXpsW9RqSN0R50/lV8fEezhVCjq2WMPDDOKmwaA==
  dependencies:
    object.assign "^4.0.4"
    preact "^8.2.5"
    preact-compat "^3.17.0"
    prop-types "^15.5.10"

preact-transition-group@^1.1.1:
  version "1.1.1"
  resolved "https://registry.yarnpkg.com/preact-transition-group/-/preact-transition-group-1.1.1.tgz#f0a49327ea515ece34ea2be864c4a7d29e5d6e10"
  integrity sha1-8KSTJ+pRXs406ivoZMSn0p5dbhA=

preact@^8.2.5, preact@^8.3.0:
  version "8.4.2"
  resolved "https://registry.yarnpkg.com/preact/-/preact-8.4.2.tgz#1263b974a17d1ea80b66590e41ef786ced5d6a23"
  integrity sha512-TsINETWiisfB6RTk0wh3/mvxbGRvx+ljeBccZ4Z6MPFKgu/KFGyf2Bmw3Z/jlXhL5JlNKY6QAbA9PVyzIy9//A==

pretty-format@^3.5.1:
  version "3.8.0"
  resolved "https://registry.yarnpkg.com/pretty-format/-/pretty-format-3.8.0.tgz#bfbed56d5e9a776645f4b1ff7aa1a3ac4fa3c385"
  integrity sha1-v77VbV6ad2ZF9LH/eqGjrE+jw4U=

process@~0.5.1:
  version "0.5.2"
  resolved "https://registry.yarnpkg.com/process/-/process-0.5.2.tgz#1638d8a8e34c2f440a91db95ab9aeb677fc185cf"
  integrity sha1-FjjYqONML0QKkduVq5rrZ3/Bhc8=

prop-types@^15.5.10, prop-types@^15.6.2:
  version "15.7.2"
  resolved "https://registry.yarnpkg.com/prop-types/-/prop-types-15.7.2.tgz#52c41e75b8c87e72b9d9360e0206b99dcbffa6c5"
  integrity sha512-8QQikdH7//R2vurIJSutZ1smHYTcLpRWEOlHnzcWHmBYrOGUysKwSsrC89BCiFj3CbrfJ/nXFdJepOVrY1GCHQ==
  dependencies:
    loose-envify "^1.4.0"
    object-assign "^4.1.1"
    react-is "^16.8.1"

qs@^6.5.1:
  version "6.7.0"
  resolved "https://registry.yarnpkg.com/qs/-/qs-6.7.0.tgz#41dc1a015e3d581f1621776be31afb2876a9b1bc"
  integrity sha512-VCdBRNFTX1fyE7Nb6FYoURo/SPe62QCaAyzJvUjwRaIsc+NePBEniHlvxFmmX56+HZphIGtV0XeCirBtpDrTyQ==

querystring-es3@^0.2.1:
  version "0.2.1"
  resolved "https://registry.yarnpkg.com/querystring-es3/-/querystring-es3-0.2.1.tgz#9ec61f79049875707d69414596fd907a4d711e73"
  integrity sha1-nsYfeQSYdXB9aUFFlv2Qek1xHnM=

react-is@^16.8.1:
  version "16.8.6"
  resolved "https://registry.yarnpkg.com/react-is/-/react-is-16.8.6.tgz#5bbc1e2d29141c9fbdfed456343fe2bc430a6a16"
  integrity sha512-aUk3bHfZ2bRSVFFbbeVS4i+lNPZr3/WM5jT2J5omUVV1zzcs1nAaf3l51ctA5FFvCRbhrH0bdAsRRQddFJZPtA==

reduce@^1.0.1:
  version "1.0.2"
  resolved "https://registry.yarnpkg.com/reduce/-/reduce-1.0.2.tgz#0cd680ad3ffe0b060e57a5c68bdfce37168d361b"
  integrity sha512-xX7Fxke/oHO5IfZSk77lvPa/7bjMh9BuCk4OOoX5XTXrM7s0Z+MkPfSDfz0q7r91BhhGSs8gii/VEN/7zhCPpQ==
  dependencies:
    object-keys "^1.1.0"

safe-buffer@^5.0.1:
  version "5.1.2"
  resolved "https://registry.yarnpkg.com/safe-buffer/-/safe-buffer-5.1.2.tgz#991ec69d296e0313747d59bdfd2b745c35f8828d"
  integrity sha512-Gd2UZBJDkXlY7GbJxfsE8/nvKkUEU1G38c1siN6QP6a9PT9MmHB8GnpscSmMJSoF8LOIrt8ud/wPtojys4G6+g==

semver@^5.1.0:
  version "5.7.0"
  resolved "https://registry.yarnpkg.com/semver/-/semver-5.7.0.tgz#790a7cf6fea5459bac96110b29b60412dc8ff96b"
  integrity sha512-Ya52jSX2u7QKghxeoFGpLwCtGlt7j0oY9DYb5apt9nPlJ42ID+ulTXESnt/qAQcoSERyZ5sl3LDIOw0nAn/5DA==

standalone-react-addons-pure-render-mixin@^0.1.1:
  version "0.1.1"
  resolved "https://registry.yarnpkg.com/standalone-react-addons-pure-render-mixin/-/standalone-react-addons-pure-render-mixin-0.1.1.tgz#3c7409f4c79c40de9ac72c616cf679a994f37551"
  integrity sha1-PHQJ9MecQN6axyxhbPZ5qZTzdVE=

tabbable@^4.0.0:
  version "4.0.0"
  resolved "https://registry.yarnpkg.com/tabbable/-/tabbable-4.0.0.tgz#5bff1d1135df1482cf0f0206434f15eadbeb9261"
  integrity sha512-H1XoH1URcBOa/rZZWxLxHCtOdVUEev+9vo5YdYhC9tCY4wnybX+VQrCYuy9ubkg69fCBxCONJOSLGfw0DWMffQ==

through@~2.3.4:
  version "2.3.8"
  resolved "https://registry.yarnpkg.com/through/-/through-2.3.8.tgz#0dd4c9ffaabc357960b1b724115d7e0e86a2e1f5"
  integrity sha1-DdTJ/6q8NXlgsbckEV1+Doai4fU=

tslib@^1.9.3:
  version "1.9.3"
  resolved "https://registry.yarnpkg.com/tslib/-/tslib-1.9.3.tgz#d7e4dd79245d85428c4d7e4822a79917954ca286"
  integrity sha512-4krF8scpejhaOgqzBEcGM7yDIEfi0/8+8zDRZhNZZ2kjmHJ4hv3zCbQWxoJGz1iw5U0Jl0nma13xzHXcncMavQ==

tunnel-agent@^0.6.0:
  version "0.6.0"
  resolved "https://registry.yarnpkg.com/tunnel-agent/-/tunnel-agent-0.6.0.tgz#27a5dea06b36b04a0a9966774b290868f0fc40fd"
  integrity sha1-J6XeoGs2sEoKmWZ3SykIaPD8QP0=
  dependencies:
    safe-buffer "^5.0.1"

uikit@^3.1.4:
  version "3.1.4"
  resolved "https://registry.yarnpkg.com/uikit/-/uikit-3.1.4.tgz#bb0939555c5038bd056ce3c2169715fb1103ce10"
  integrity sha512-XGtlKlQXeNoQJi9wyff6DCkeX0P5/wdZw7LOenH7a5AOTRfUZDhTGX9uSCvRBroYBIKj6Eq2fe2efw2d1/rdHg==

xtend@^4.0.1:
  version "4.0.1"
  resolved "https://registry.yarnpkg.com/xtend/-/xtend-4.0.1.tgz#a5c6d532be656e23db820efb943a1f04998d63af"
  integrity sha1-pcbVMr5lbiPbgg77lDofBJmNY68=
